{
  "name": "airbyte",
  "lockfileVersion": 2,
  "requires": true,
  "packages": {
    "": {
      "dependencies": {
        "esbuild": "^0.15.1"
      }
    },
    "node_modules/@esbuild/linux-loong64": {
      "version": "0.15.1",
      "resolved": "https://registry.npmjs.org/@esbuild/linux-loong64/-/linux-loong64-0.15.1.tgz",
      "integrity": "sha512-1tORADNFK9QS4KYyUyh3Td9WGrdiI1rSoKvY6A43+9G0kPujBuT4lIGyoK0AweOSO1aRIR28xQUfiJCUa78bUw==",
      "cpu": [
        "loong64"
      ],
      "optional": true,
      "os": [
        "linux"
      ],
      "engines": {
        "node": ">=12"
      }
    },
    "node_modules/esbuild": {
      "version": "0.15.1",
      "resolved": "https://registry.npmjs.org/esbuild/-/esbuild-0.15.1.tgz",
      "integrity": "sha512-zgxo2st9wSbdiR6rTo44l/L7ohttqdXFmhUi5tE6yWahgdBjCwZjBgIkm/gr/TcBTTIwyzd7em8WI37yZ+F2Mg==",
      "hasInstallScript": true,
      "bin": {
        "esbuild": "bin/esbuild"
      },
      "engines": {
        "node": ">=12"
      },
      "optionalDependencies": {
        "@esbuild/linux-loong64": "0.15.1",
        "esbuild-android-64": "0.15.1",
        "esbuild-android-arm64": "0.15.1",
        "esbuild-darwin-64": "0.15.1",
        "esbuild-darwin-arm64": "0.15.1",
        "esbuild-freebsd-64": "0.15.1",
        "esbuild-freebsd-arm64": "0.15.1",
        "esbuild-linux-32": "0.15.1",
        "esbuild-linux-64": "0.15.1",
        "esbuild-linux-arm": "0.15.1",
        "esbuild-linux-arm64": "0.15.1",
        "esbuild-linux-mips64le": "0.15.1",
        "esbuild-linux-ppc64le": "0.15.1",
        "esbuild-linux-riscv64": "0.15.1",
        "esbuild-linux-s390x": "0.15.1",
        "esbuild-netbsd-64": "0.15.1",
        "esbuild-openbsd-64": "0.15.1",
        "esbuild-sunos-64": "0.15.1",
        "esbuild-windows-32": "0.15.1",
        "esbuild-windows-64": "0.15.1",
        "esbuild-windows-arm64": "0.15.1"
      }
    },
    "node_modules/esbuild-android-64": {
      "version": "0.15.1",
      "resolved": "https://registry.npmjs.org/esbuild-android-64/-/esbuild-android-64-0.15.1.tgz",
      "integrity": "sha512-q5kkJZsgLIkyh5e2ZJl4/kXKIueBKtjVMEihP9WCHadqhH6+F9qiycE7fBwUb/g2B15mYlmMBXjp8VmOT3J2gA==",
      "cpu": [
        "x64"
      ],
      "optional": true,
      "os": [
        "android"
      ],
      "engines": {
        "node": ">=12"
      }
    },
    "node_modules/esbuild-android-arm64": {
      "version": "0.15.1",
      "resolved": "https://registry.npmjs.org/esbuild-android-arm64/-/esbuild-android-arm64-0.15.1.tgz",
      "integrity": "sha512-IQuZOzqMaFceLlKJJA27CXAdh+Mzh2ZblHMmcNIu/wxb6iX1zgYXlPWle62iHnmNCtfAux1mzQvmNsP9aLhemA==",
      "cpu": [
        "arm64"
      ],
      "optional": true,
      "os": [
        "android"
      ],
      "engines": {
        "node": ">=12"
      }
    },
    "node_modules/esbuild-darwin-64": {
      "version": "0.15.1",
      "resolved": "https://registry.npmjs.org/esbuild-darwin-64/-/esbuild-darwin-64-0.15.1.tgz",
      "integrity": "sha512-tyouWLyxwM/Y2fy/reuIvAvVB+KVQwuY9IVyV7LH5CGkJYxgtLb8xVEiwHFF8TG2uo9a2fqdgWffados4YA6Aw==",
      "cpu": [
        "x64"
      ],
      "optional": true,
      "os": [
        "darwin"
      ],
      "engines": {
        "node": ">=12"
      }
    },
    "node_modules/esbuild-darwin-arm64": {
      "version": "0.15.1",
      "resolved": "https://registry.npmjs.org/esbuild-darwin-arm64/-/esbuild-darwin-arm64-0.15.1.tgz",
      "integrity": "sha512-fb4V1eB1nir3zJwsS75itsbahkbM71XuqUDJVH8iyBLS8VIQD7MWWAAekea2l9keueGfsn0+wTyDluMT+kg8Cw==",
      "cpu": [
        "arm64"
      ],
      "optional": true,
      "os": [
        "darwin"
      ],
      "engines": {
        "node": ">=12"
      }
    },
    "node_modules/esbuild-freebsd-64": {
      "version": "0.15.1",
      "resolved": "https://registry.npmjs.org/esbuild-freebsd-64/-/esbuild-freebsd-64-0.15.1.tgz",
      "integrity": "sha512-1KxEv/FUPlQtUSOjFCwR8FVNEskB5LmkbfW9FNJ7lhpG+4RsLiHWw4Sl2Y1/S+aKX7inyWxLA05zYV6XAzO8DA==",
      "cpu": [
        "x64"
      ],
      "optional": true,
      "os": [
        "freebsd"
      ],
      "engines": {
        "node": ">=12"
      }
    },
    "node_modules/esbuild-freebsd-arm64": {
      "version": "0.15.1",
      "resolved": "https://registry.npmjs.org/esbuild-freebsd-arm64/-/esbuild-freebsd-arm64-0.15.1.tgz",
      "integrity": "sha512-ueUMGSNrcuHwAadioxBdfOCO4+bTVeI68a147BQ/AFFIrf4XJNow4UXxguvQlZO+ZYaVz6EztaL6mHslKie2Rw==",
      "cpu": [
        "arm64"
      ],
      "optional": true,
      "os": [
        "freebsd"
      ],
      "engines": {
        "node": ">=12"
      }
    },
    "node_modules/esbuild-linux-32": {
      "version": "0.15.1",
      "resolved": "https://registry.npmjs.org/esbuild-linux-32/-/esbuild-linux-32-0.15.1.tgz",
      "integrity": "sha512-K5WWcN2OZkZ6arFN3+hi1leKc0at9ukKGrXK9Ia94kQOesBphTSmsNK/Gy/AoVoIa0bWrHtxDijS9j9+dz86oA==",
      "cpu": [
        "ia32"
      ],
      "optional": true,
      "os": [
        "linux"
      ],
      "engines": {
        "node": ">=12"
      }
    },
    "node_modules/esbuild-linux-64": {
      "version": "0.15.1",
      "resolved": "https://registry.npmjs.org/esbuild-linux-64/-/esbuild-linux-64-0.15.1.tgz",
      "integrity": "sha512-+haiVm83DfRi9x8M+GgR4f4LtSN8lnEIG8XMGK8/FYpkYNQiKb398GxeHp2yvoMpX8IPvmWCt215tAm5BBNfZQ==",
      "cpu": [
        "x64"
      ],
      "optional": true,
      "os": [
        "linux"
      ],
      "engines": {
        "node": ">=12"
      }
    },
    "node_modules/esbuild-linux-arm": {
      "version": "0.15.1",
      "resolved": "https://registry.npmjs.org/esbuild-linux-arm/-/esbuild-linux-arm-0.15.1.tgz",
      "integrity": "sha512-qjAkEDcFhVNYwG2xgaDg/hA8JABoMvjzAzE6g1K8kR516oNkKbVf6rN68UrsQaV1zq1qR3dbVeMv/Ul2bheppA==",
      "cpu": [
        "arm"
      ],
      "optional": true,
      "os": [
        "linux"
      ],
      "engines": {
        "node": ">=12"
      }
    },
    "node_modules/esbuild-linux-arm64": {
      "version": "0.15.1",
      "resolved": "https://registry.npmjs.org/esbuild-linux-arm64/-/esbuild-linux-arm64-0.15.1.tgz",
      "integrity": "sha512-TP0BCVZEVu/aoVaZe2sn1vpvo63j0LPiH8rvd7AegqOfTwb+mcxLxpgyYwkibafUCMxnIrKdUTsSJeusoMhcLg==",
      "cpu": [
        "arm64"
      ],
      "optional": true,
      "os": [
        "linux"
      ],
      "engines": {
        "node": ">=12"
      }
    },
    "node_modules/esbuild-linux-mips64le": {
      "version": "0.15.1",
      "resolved": "https://registry.npmjs.org/esbuild-linux-mips64le/-/esbuild-linux-mips64le-0.15.1.tgz",
      "integrity": "sha512-8vzQzp+kwrn1Y+OjvfFaLS8uL8aR39WnAtxOHwjB72s9g18kHFlE8IQLS9dWDQgKpBSFq9kazsJE65dSVmz+VA==",
      "cpu": [
        "mips64el"
      ],
      "optional": true,
      "os": [
        "linux"
      ],
      "engines": {
        "node": ">=12"
      }
    },
    "node_modules/esbuild-linux-ppc64le": {
      "version": "0.15.1",
      "resolved": "https://registry.npmjs.org/esbuild-linux-ppc64le/-/esbuild-linux-ppc64le-0.15.1.tgz",
      "integrity": "sha512-QlWSOgC2Ad53Xvf7ZivXU7wM2y29YhQUrd50PjK0QJ3psh/eYSQx77PTe1iWm7Ovjiqv1wPKEAyC7CbyJUgriw==",
      "cpu": [
        "ppc64"
      ],
      "optional": true,
      "os": [
        "linux"
      ],
      "engines": {
        "node": ">=12"
      }
    },
    "node_modules/esbuild-linux-riscv64": {
      "version": "0.15.1",
      "resolved": "https://registry.npmjs.org/esbuild-linux-riscv64/-/esbuild-linux-riscv64-0.15.1.tgz",
      "integrity": "sha512-/PRNgNsiwb7G2n3rB5WcHinCwKj0OqUmtu8cdakV4CLNWnFnfChEGEJX1x5n8RcGD3xPUlI5CgqFe0/oBcUh+A==",
      "cpu": [
        "riscv64"
      ],
      "optional": true,
      "os": [
        "linux"
      ],
      "engines": {
        "node": ">=12"
      }
    },
    "node_modules/esbuild-linux-s390x": {
      "version": "0.15.1",
      "resolved": "https://registry.npmjs.org/esbuild-linux-s390x/-/esbuild-linux-s390x-0.15.1.tgz",
      "integrity": "sha512-TScRbO4mi4AUUXzIQ8sb6ZXhGkCb/PlJ82qFfBE6xxsioae/d6XaSdaha/+OUTvmPeoro3lNf3vwdw27v3wEgw==",
      "cpu": [
        "s390x"
      ],
      "optional": true,
      "os": [
        "linux"
      ],
      "engines": {
        "node": ">=12"
      }
    },
    "node_modules/esbuild-netbsd-64": {
      "version": "0.15.1",
      "resolved": "https://registry.npmjs.org/esbuild-netbsd-64/-/esbuild-netbsd-64-0.15.1.tgz",
      "integrity": "sha512-ES2pbK8QfsMZbdPkgjkLwWfnEGtPa0vYzVFLQn7GFgP+RiemY+ulH7WWQ8ezMt9rZl4XAR3y14yKLGX0gsBLaw==",
      "cpu": [
        "x64"
      ],
      "optional": true,
      "os": [
        "netbsd"
      ],
      "engines": {
        "node": ">=12"
      }
    },
    "node_modules/esbuild-openbsd-64": {
      "version": "0.15.1",
      "resolved": "https://registry.npmjs.org/esbuild-openbsd-64/-/esbuild-openbsd-64-0.15.1.tgz",
      "integrity": "sha512-DxNWji11AxSEny4HzSKu21Skia8tEPQI1N+XO/RqVOJComOvsFLq+QeooKsK2caOsQIKl9mO14Hh+px+zFabMA==",
      "cpu": [
        "x64"
      ],
      "optional": true,
      "os": [
        "openbsd"
      ],
      "engines": {
        "node": ">=12"
      }
    },
    "node_modules/esbuild-sunos-64": {
      "version": "0.15.1",
      "resolved": "https://registry.npmjs.org/esbuild-sunos-64/-/esbuild-sunos-64-0.15.1.tgz",
      "integrity": "sha512-lwZoWlv893qtQQx5H4QQCh2mcYzGbxEz09ESFdd4cHcUCfjb193bSAy6jPxW2efBx2fHEo2sw43TRtAkpCf+XQ==",
      "cpu": [
        "x64"
      ],
      "optional": true,
      "os": [
        "sunos"
      ],
      "engines": {
        "node": ">=12"
      }
    },
    "node_modules/esbuild-windows-32": {
      "version": "0.15.1",
      "resolved": "https://registry.npmjs.org/esbuild-windows-32/-/esbuild-windows-32-0.15.1.tgz",
      "integrity": "sha512-jEFz8DxP+Hh67fk9XMoyLUqPjjoCT6m4bnl36aze0XpPZDuQm0SBDlG/ciOBCjzHDsu/MYUNwxVezvUT3sXh1A==",
      "cpu": [
        "ia32"
      ],
      "optional": true,
      "os": [
        "win32"
      ],
      "engines": {
        "node": ">=12"
      }
    },
    "node_modules/esbuild-windows-64": {
      "version": "0.15.1",
      "resolved": "https://registry.npmjs.org/esbuild-windows-64/-/esbuild-windows-64-0.15.1.tgz",
      "integrity": "sha512-bUetnfw4xXKBTOQx4sTzoENJVEdgAN29ZTLRtnMseRzsMO8pjObQMsRPpPL3Cstt6FJhj3k3uScHc5VnfC9QkA==",
      "cpu": [
        "x64"
      ],
      "optional": true,
      "os": [
        "win32"
      ],
      "engines": {
        "node": ">=12"
      }
    },
    "node_modules/esbuild-windows-arm64": {
      "version": "0.15.1",
      "resolved": "https://registry.npmjs.org/esbuild-windows-arm64/-/esbuild-windows-arm64-0.15.1.tgz",
      "integrity": "sha512-oN0JMj7fQZOiqJ/f/wc8lkxjvWwj5Yz0ZhOeU90JFaPZAfafNnysi6GS95glY5uwLUUJz/RNc84cb0dK2qT89A==",
      "cpu": [
        "arm64"
      ],
      "optional": true,
      "os": [
        "win32"
      ],
      "engines": {
        "node": ">=12"
      }
    }
  },
  "dependencies": {
    "@esbuild/linux-loong64": {
      "version": "0.15.1",
      "resolved": "https://registry.npmjs.org/@esbuild/linux-loong64/-/linux-loong64-0.15.1.tgz",
      "integrity": "sha512-1tORADNFK9QS4KYyUyh3Td9WGrdiI1rSoKvY6A43+9G0kPujBuT4lIGyoK0AweOSO1aRIR28xQUfiJCUa78bUw==",
      "optional": true
    },
    "esbuild": {
      "version": "0.15.1",
      "resolved": "https://registry.npmjs.org/esbuild/-/esbuild-0.15.1.tgz",
      "integrity": "sha512-zgxo2st9wSbdiR6rTo44l/L7ohttqdXFmhUi5tE6yWahgdBjCwZjBgIkm/gr/TcBTTIwyzd7em8WI37yZ+F2Mg==",
      "requires": {
        "@esbuild/linux-loong64": "0.15.1",
        "esbuild-android-64": "0.15.1",
        "esbuild-android-arm64": "0.15.1",
        "esbuild-darwin-64": "0.15.1",
        "esbuild-darwin-arm64": "0.15.1",
        "esbuild-freebsd-64": "0.15.1",
        "esbuild-freebsd-arm64": "0.15.1",
        "esbuild-linux-32": "0.15.1",
        "esbuild-linux-64": "0.15.1",
        "esbuild-linux-arm": "0.15.1",
        "esbuild-linux-arm64": "0.15.1",
        "esbuild-linux-mips64le": "0.15.1",
        "esbuild-linux-ppc64le": "0.15.1",
        "esbuild-linux-riscv64": "0.15.1",
        "esbuild-linux-s390x": "0.15.1",
        "esbuild-netbsd-64": "0.15.1",
        "esbuild-openbsd-64": "0.15.1",
        "esbuild-sunos-64": "0.15.1",
        "esbuild-windows-32": "0.15.1",
        "esbuild-windows-64": "0.15.1",
        "esbuild-windows-arm64": "0.15.1"
      }
    },
    "esbuild-android-64": {
      "version": "0.15.1",
      "resolved": "https://registry.npmjs.org/esbuild-android-64/-/esbuild-android-64-0.15.1.tgz",
      "integrity": "sha512-q5kkJZsgLIkyh5e2ZJl4/kXKIueBKtjVMEihP9WCHadqhH6+F9qiycE7fBwUb/g2B15mYlmMBXjp8VmOT3J2gA==",
      "optional": true
    },
    "esbuild-android-arm64": {
      "version": "0.15.1",
      "resolved": "https://registry.npmjs.org/esbuild-android-arm64/-/esbuild-android-arm64-0.15.1.tgz",
      "integrity": "sha512-IQuZOzqMaFceLlKJJA27CXAdh+Mzh2ZblHMmcNIu/wxb6iX1zgYXlPWle62iHnmNCtfAux1mzQvmNsP9aLhemA==",
      "optional": true
    },
    "esbuild-darwin-64": {
      "version": "0.15.1",
      "resolved": "https://registry.npmjs.org/esbuild-darwin-64/-/esbuild-darwin-64-0.15.1.tgz",
      "integrity": "sha512-tyouWLyxwM/Y2fy/reuIvAvVB+KVQwuY9IVyV7LH5CGkJYxgtLb8xVEiwHFF8TG2uo9a2fqdgWffados4YA6Aw==",
      "optional": true
    },
    "esbuild-darwin-arm64": {
      "version": "0.15.1",
      "resolved": "https://registry.npmjs.org/esbuild-darwin-arm64/-/esbuild-darwin-arm64-0.15.1.tgz",
      "integrity": "sha512-fb4V1eB1nir3zJwsS75itsbahkbM71XuqUDJVH8iyBLS8VIQD7MWWAAekea2l9keueGfsn0+wTyDluMT+kg8Cw==",
      "optional": true
    },
    "esbuild-freebsd-64": {
      "version": "0.15.1",
      "resolved": "https://registry.npmjs.org/esbuild-freebsd-64/-/esbuild-freebsd-64-0.15.1.tgz",
      "integrity": "sha512-1KxEv/FUPlQtUSOjFCwR8FVNEskB5LmkbfW9FNJ7lhpG+4RsLiHWw4Sl2Y1/S+aKX7inyWxLA05zYV6XAzO8DA==",
      "optional": true
    },
    "esbuild-freebsd-arm64": {
      "version": "0.15.1",
      "resolved": "https://registry.npmjs.org/esbuild-freebsd-arm64/-/esbuild-freebsd-arm64-0.15.1.tgz",
      "integrity": "sha512-ueUMGSNrcuHwAadioxBdfOCO4+bTVeI68a147BQ/AFFIrf4XJNow4UXxguvQlZO+ZYaVz6EztaL6mHslKie2Rw==",
      "optional": true
    },
    "esbuild-linux-32": {
      "version": "0.15.1",
      "resolved": "https://registry.npmjs.org/esbuild-linux-32/-/esbuild-linux-32-0.15.1.tgz",
      "integrity": "sha512-K5WWcN2OZkZ6arFN3+hi1leKc0at9ukKGrXK9Ia94kQOesBphTSmsNK/Gy/AoVoIa0bWrHtxDijS9j9+dz86oA==",
      "optional": true
    },
    "esbuild-linux-64": {
      "version": "0.15.1",
      "resolved": "https://registry.npmjs.org/esbuild-linux-64/-/esbuild-linux-64-0.15.1.tgz",
      "integrity": "sha512-+haiVm83DfRi9x8M+GgR4f4LtSN8lnEIG8XMGK8/FYpkYNQiKb398GxeHp2yvoMpX8IPvmWCt215tAm5BBNfZQ==",
      "optional": true
    },
    "esbuild-linux-arm": {
      "version": "0.15.1",
      "resolved": "https://registry.npmjs.org/esbuild-linux-arm/-/esbuild-linux-arm-0.15.1.tgz",
      "integrity": "sha512-qjAkEDcFhVNYwG2xgaDg/hA8JABoMvjzAzE6g1K8kR516oNkKbVf6rN68UrsQaV1zq1qR3dbVeMv/Ul2bheppA==",
      "optional": true
    },
    "esbuild-linux-arm64": {
      "version": "0.15.1",
      "resolved": "https://registry.npmjs.org/esbuild-linux-arm64/-/esbuild-linux-arm64-0.15.1.tgz",
      "integrity": "sha512-TP0BCVZEVu/aoVaZe2sn1vpvo63j0LPiH8rvd7AegqOfTwb+mcxLxpgyYwkibafUCMxnIrKdUTsSJeusoMhcLg==",
      "optional": true
    },
    "esbuild-linux-mips64le": {
      "version": "0.15.1",
      "resolved": "https://registry.npmjs.org/esbuild-linux-mips64le/-/esbuild-linux-mips64le-0.15.1.tgz",
      "integrity": "sha512-8vzQzp+kwrn1Y+OjvfFaLS8uL8aR39WnAtxOHwjB72s9g18kHFlE8IQLS9dWDQgKpBSFq9kazsJE65dSVmz+VA==",
      "optional": true
    },
    "esbuild-linux-ppc64le": {
      "version": "0.15.1",
      "resolved": "https://registry.npmjs.org/esbuild-linux-ppc64le/-/esbuild-linux-ppc64le-0.15.1.tgz",
      "integrity": "sha512-QlWSOgC2Ad53Xvf7ZivXU7wM2y29YhQUrd50PjK0QJ3psh/eYSQx77PTe1iWm7Ovjiqv1wPKEAyC7CbyJUgriw==",
      "optional": true
    },
    "esbuild-linux-riscv64": {
      "version": "0.15.1",
      "resolved": "https://registry.npmjs.org/esbuild-linux-riscv64/-/esbuild-linux-riscv64-0.15.1.tgz",
      "integrity": "sha512-/PRNgNsiwb7G2n3rB5WcHinCwKj0OqUmtu8cdakV4CLNWnFnfChEGEJX1x5n8RcGD3xPUlI5CgqFe0/oBcUh+A==",
      "optional": true
    },
    "esbuild-linux-s390x": {
      "version": "0.15.1",
      "resolved": "https://registry.npmjs.org/esbuild-linux-s390x/-/esbuild-linux-s390x-0.15.1.tgz",
      "integrity": "sha512-TScRbO4mi4AUUXzIQ8sb6ZXhGkCb/PlJ82qFfBE6xxsioae/d6XaSdaha/+OUTvmPeoro3lNf3vwdw27v3wEgw==",
      "optional": true
    },
    "esbuild-netbsd-64": {
      "version": "0.15.1",
      "resolved": "https://registry.npmjs.org/esbuild-netbsd-64/-/esbuild-netbsd-64-0.15.1.tgz",
      "integrity": "sha512-ES2pbK8QfsMZbdPkgjkLwWfnEGtPa0vYzVFLQn7GFgP+RiemY+ulH7WWQ8ezMt9rZl4XAR3y14yKLGX0gsBLaw==",
      "optional": true
    },
    "esbuild-openbsd-64": {
      "version": "0.15.1",
      "resolved": "https://registry.npmjs.org/esbuild-openbsd-64/-/esbuild-openbsd-64-0.15.1.tgz",
      "integrity": "sha512-DxNWji11AxSEny4HzSKu21Skia8tEPQI1N+XO/RqVOJComOvsFLq+QeooKsK2caOsQIKl9mO14Hh+px+zFabMA==",
      "optional": true
    },
    "esbuild-sunos-64": {
      "version": "0.15.1",
      "resolved": "https://registry.npmjs.org/esbuild-sunos-64/-/esbuild-sunos-64-0.15.1.tgz",
      "integrity": "sha512-lwZoWlv893qtQQx5H4QQCh2mcYzGbxEz09ESFdd4cHcUCfjb193bSAy6jPxW2efBx2fHEo2sw43TRtAkpCf+XQ==",
      "optional": true
    },
    "esbuild-windows-32": {
      "version": "0.15.1",
      "resolved": "https://registry.npmjs.org/esbuild-windows-32/-/esbuild-windows-32-0.15.1.tgz",
      "integrity": "sha512-jEFz8DxP+Hh67fk9XMoyLUqPjjoCT6m4bnl36aze0XpPZDuQm0SBDlG/ciOBCjzHDsu/MYUNwxVezvUT3sXh1A==",
      "optional": true
    },
    "esbuild-windows-64": {
      "version": "0.15.1",
      "resolved": "https://registry.npmjs.org/esbuild-windows-64/-/esbuild-windows-64-0.15.1.tgz",
      "integrity": "sha512-bUetnfw4xXKBTOQx4sTzoENJVEdgAN29ZTLRtnMseRzsMO8pjObQMsRPpPL3Cstt6FJhj3k3uScHc5VnfC9QkA==",
      "optional": true
    },
    "esbuild-windows-arm64": {
      "version": "0.15.1",
      "resolved": "https://registry.npmjs.org/esbuild-windows-arm64/-/esbuild-windows-arm64-0.15.1.tgz",
      "integrity": "sha512-oN0JMj7fQZOiqJ/f/wc8lkxjvWwj5Yz0ZhOeU90JFaPZAfafNnysi6GS95glY5uwLUUJz/RNc84cb0dK2qT89A==",
      "optional": true
    }
  }
}
