dependencies:
- name: common
  repository: https://charts.bitnami.com/bitnami
  version: 1.17.1
- name: airbyte-bootloader
  repository: https://airbytehq.github.io/helm-charts/
  version: 0.43.24
- name: temporal
  repository: https://airbytehq.github.io/helm-charts/
  version: 0.43.24
- name: webapp
  repository: https://airbytehq.github.io/helm-charts/
  version: 0.43.24
- name: server
  repository: https://airbytehq.github.io/helm-charts/
  version: 0.43.24
- name: worker
  repository: https://airbytehq.github.io/helm-charts/
  version: 0.43.24
- name: pod-sweeper
  repository: https://airbytehq.github.io/helm-charts/
  version: 0.43.24
- name: metrics
  repository: https://airbytehq.github.io/helm-charts/
  version: 0.43.24
- name: cron
  repository: https://airbytehq.github.io/helm-charts/
  version: 0.43.24
- name: connector-builder-server
  repository: https://airbytehq.github.io/helm-charts/
  version: 0.43.24
digest: sha256:2c4d2d2f68d1cec4ee8af6f0daf9909ad96f7e05c8f4fcb1edd4684b8b504254
generated: "2023-01-25T21:49:12.493379328Z"
