dependencies:
- name: common
  repository: https://charts.bitnami.com/bitnami
  version: 1.10.0
- name: postgresql
  repository: https://charts.bitnami.com/bitnami
  version: 10.12.7
- name: minio
  repository: https://charts.bitnami.com/bitnami
  version: 7.3.2
digest: sha256:4fb6cad3d1f2b93b6da59d59857656b65ccce3527db601b6c845806ac243a0fc
generated: "2021-10-26T23:37:24.368714-03:00"
