dependencies:
- name: common
  repository: https://charts.bitnami.com/bitnami
  version: 1.17.1
- name: airbyte-bootloader
  repository: https://airbytehq.github.io/helm-charts/
  version: 0.43.15
- name: temporal
  repository: https://airbytehq.github.io/helm-charts/
  version: 0.43.15
- name: webapp
  repository: https://airbytehq.github.io/helm-charts/
  version: 0.43.15
- name: server
  repository: https://airbytehq.github.io/helm-charts/
  version: 0.43.15
- name: worker
  repository: https://airbytehq.github.io/helm-charts/
  version: 0.43.15
- name: pod-sweeper
  repository: https://airbytehq.github.io/helm-charts/
  version: 0.43.15
- name: metrics
  repository: https://airbytehq.github.io/helm-charts/
  version: 0.43.15
- name: cron
  repository: https://airbytehq.github.io/helm-charts/
  version: 0.43.15
- name: connector-builder-server
  repository: https://airbytehq.github.io/helm-charts/
  version: 0.43.15
digest: sha256:f6942447676d0ae1ceff6f50d914eb3fe225c6c45818aaca6adb68f9ce784a59
generated: "2023-01-06T19:13:09.430156967Z"
