# THIS IS AN AUTOGENERATED FILE. DO NOT EDIT THIS FILE DIRECTLY.
# yarn lockfile v1


"@avro/common-types@^0.2.0":
  version "0.2.0"
  resolved "https://registry.yarnpkg.com/@avro/common-types/-/common-types-0.2.0.tgz#85d8a21123969fbcca8a2b29da38014f351faff9"
  integrity sha512-A9AprDI+lYGOZ7Ulg/5WaJWRVzRVFYd0aUImrhV92h8Y8SPHfZRWNuPCyFeYtTW2/5XRST6TbWFs4CkMmTS/Bg==
  dependencies:
    "@avro/types" "^1.0.18"
    verror "^1.10.0"

"@avro/streams@^1.0.10":
  version "1.0.11"
  resolved "https://registry.yarnpkg.com/@avro/streams/-/streams-1.0.11.tgz#d45be6c271f649411c1a095047d694996e1ff537"
  integrity sha512-rDMablF1Z2bBDO52GVoQM2PAqXfb5YAxvjTzCy2uUxYg218X32o3igXdbNXQWAnLLkJB+V9RaemPVZVV97OeJQ==
  dependencies:
    "@avro/types" "^1.0.22"

"@avro/types@^1.0.18", "@avro/types@^1.0.22":
  version "1.0.23"
  resolved "https://registry.yarnpkg.com/@avro/types/-/types-1.0.23.tgz#f99ef0a5f21d1b18a225173871ce4c7a1846a23a"
  integrity sha512-nagWYfJKHkyp05mNHjJaelBfVwcfD3xC0RCiQHmNt7j3NTmZmunhaAHzH+zWPzen/IFvsf0oaVURupuK6SrKoQ==

"@aws-crypto/ie11-detection@^2.0.0":
  version "2.0.0"
  resolved "https://registry.yarnpkg.com/@aws-crypto/ie11-detection/-/ie11-detection-2.0.0.tgz#bb6c2facf8f03457e949dcf0921477397ffa4c6e"
  integrity sha512-pkVXf/dq6PITJ0jzYZ69VhL8VFOFoPZLZqtU/12SGnzYuJOOGNfF41q9GxdI1yqC8R13Rq3jOLKDFpUJFT5eTA==
  dependencies:
    tslib "^1.11.1"

"@aws-crypto/sha256-browser@2.0.0":
  version "2.0.0"
  resolved "https://registry.yarnpkg.com/@aws-crypto/sha256-browser/-/sha256-browser-2.0.0.tgz#741c9024df55ec59b51e5b1f5d806a4852699fb5"
  integrity sha512-rYXOQ8BFOaqMEHJrLHul/25ckWH6GTJtdLSajhlqGMx0PmSueAuvboCuZCTqEKlxR8CQOwRarxYMZZSYlhRA1A==
  dependencies:
    "@aws-crypto/ie11-detection" "^2.0.0"
    "@aws-crypto/sha256-js" "^2.0.0"
    "@aws-crypto/supports-web-crypto" "^2.0.0"
    "@aws-crypto/util" "^2.0.0"
    "@aws-sdk/types" "^3.1.0"
    "@aws-sdk/util-locate-window" "^3.0.0"
    "@aws-sdk/util-utf8-browser" "^3.0.0"
    tslib "^1.11.1"

"@aws-crypto/sha256-js@2.0.0", "@aws-crypto/sha256-js@^2.0.0":
  version "2.0.0"
  resolved "https://registry.yarnpkg.com/@aws-crypto/sha256-js/-/sha256-js-2.0.0.tgz#f1f936039bdebd0b9e2dd834d65afdc2aac4efcb"
  integrity sha512-VZY+mCY4Nmrs5WGfitmNqXzaE873fcIZDu54cbaDaaamsaTOP1DBImV9F4pICc3EHjQXujyE8jig+PFCaew9ig==
  dependencies:
    "@aws-crypto/util" "^2.0.0"
    "@aws-sdk/types" "^3.1.0"
    tslib "^1.11.1"

"@aws-crypto/supports-web-crypto@^2.0.0":
  version "2.0.0"
  resolved "https://registry.yarnpkg.com/@aws-crypto/supports-web-crypto/-/supports-web-crypto-2.0.0.tgz#fd6cde30b88f77d5a4f57b2c37c560d918014f9e"
  integrity sha512-Ge7WQ3E0OC7FHYprsZV3h0QIcpdyJLvIeg+uTuHqRYm8D6qCFJoiC+edSzSyFiHtZf+NOQDJ1q46qxjtzIY2nA==
  dependencies:
    tslib "^1.11.1"

"@aws-crypto/util@^2.0.0":
  version "2.0.0"
  resolved "https://registry.yarnpkg.com/@aws-crypto/util/-/util-2.0.0.tgz#17ba6f83c7e447b70fc24b84c5f6714d1e329f4a"
  integrity sha512-YDooyH83m2P5A3h6lNH7hm6mIP93sU/dtzRmXIgtO4BCB7SvtX8ysVKQAE8tVky2DQ3HHxPCjNTuUe7YoAMrNQ==
  dependencies:
    "@aws-sdk/types" "^3.1.0"
    "@aws-sdk/util-utf8-browser" "^3.0.0"
    tslib "^1.11.1"

"@aws-sdk/abort-controller@3.38.0":
  version "3.38.0"
  resolved "https://registry.yarnpkg.com/@aws-sdk/abort-controller/-/abort-controller-3.38.0.tgz#c59d6c1317e96951e1304e7fb15e6b01ed2f9fc8"
  integrity sha512-99xkRHG+nHvUexyebBMhgJemEvSnQFD54dKr5DqtFFv1GEVsyTJoSDVQWY7w/EAwpqp8ms5X26NwHiJB+lll6g==
  dependencies:
    "@aws-sdk/types" "3.38.0"
    tslib "^2.3.0"

"@aws-sdk/client-kms@^3.13.1":
  version "3.39.0"
  resolved "https://registry.yarnpkg.com/@aws-sdk/client-kms/-/client-kms-3.39.0.tgz#b2f446fbbb72cfd117d17342d8ba979ac6843675"
  integrity sha512-wsFWY6DNkGTqA0v0AsZqFzxr1X0ztpBy8Pq66X5Uc7EwLSHduG9nZc/ViSFsMmbgJ3H2IZWoTRo90qJAUX+sAA==
  dependencies:
    "@aws-crypto/sha256-browser" "2.0.0"
    "@aws-crypto/sha256-js" "2.0.0"
    "@aws-sdk/client-sts" "3.39.0"
    "@aws-sdk/config-resolver" "3.39.0"
    "@aws-sdk/credential-provider-node" "3.39.0"
    "@aws-sdk/fetch-http-handler" "3.38.0"
    "@aws-sdk/hash-node" "3.38.0"
    "@aws-sdk/invalid-dependency" "3.38.0"
    "@aws-sdk/middleware-content-length" "3.38.0"
    "@aws-sdk/middleware-host-header" "3.38.0"
    "@aws-sdk/middleware-logger" "3.38.0"
    "@aws-sdk/middleware-retry" "3.39.0"
    "@aws-sdk/middleware-serde" "3.38.0"
    "@aws-sdk/middleware-signing" "3.39.0"
    "@aws-sdk/middleware-stack" "3.38.0"
    "@aws-sdk/middleware-user-agent" "3.38.0"
    "@aws-sdk/node-config-provider" "3.39.0"
    "@aws-sdk/node-http-handler" "3.38.0"
    "@aws-sdk/protocol-http" "3.38.0"
    "@aws-sdk/smithy-client" "3.38.0"
    "@aws-sdk/types" "3.38.0"
    "@aws-sdk/url-parser" "3.38.0"
    "@aws-sdk/util-base64-browser" "3.37.0"
    "@aws-sdk/util-base64-node" "3.37.0"
    "@aws-sdk/util-body-length-browser" "3.37.0"
    "@aws-sdk/util-body-length-node" "3.37.0"
    "@aws-sdk/util-user-agent-browser" "3.38.0"
    "@aws-sdk/util-user-agent-node" "3.39.0"
    "@aws-sdk/util-utf8-browser" "3.37.0"
    "@aws-sdk/util-utf8-node" "3.37.0"
    tslib "^2.3.0"

"@aws-sdk/client-sqs@^3.13.1":
  version "3.39.0"
  resolved "https://registry.yarnpkg.com/@aws-sdk/client-sqs/-/client-sqs-3.39.0.tgz#e25f342f2d6a7322535017663c11045cb9762e5c"
  integrity sha512-6Mx0uXBW+d2UcidjwiBc7gr00ZX9XytblccagCvk0MB2tZjFfxap8WzVW17Nl2qv5qbzMjOe4w3ZbCfcIwWVAw==
  dependencies:
    "@aws-crypto/sha256-browser" "2.0.0"
    "@aws-crypto/sha256-js" "2.0.0"
    "@aws-sdk/client-sts" "3.39.0"
    "@aws-sdk/config-resolver" "3.39.0"
    "@aws-sdk/credential-provider-node" "3.39.0"
    "@aws-sdk/fetch-http-handler" "3.38.0"
    "@aws-sdk/hash-node" "3.38.0"
    "@aws-sdk/invalid-dependency" "3.38.0"
    "@aws-sdk/md5-js" "3.38.0"
    "@aws-sdk/middleware-content-length" "3.38.0"
    "@aws-sdk/middleware-host-header" "3.38.0"
    "@aws-sdk/middleware-logger" "3.38.0"
    "@aws-sdk/middleware-retry" "3.39.0"
    "@aws-sdk/middleware-sdk-sqs" "3.38.0"
    "@aws-sdk/middleware-serde" "3.38.0"
    "@aws-sdk/middleware-signing" "3.39.0"
    "@aws-sdk/middleware-stack" "3.38.0"
    "@aws-sdk/middleware-user-agent" "3.38.0"
    "@aws-sdk/node-config-provider" "3.39.0"
    "@aws-sdk/node-http-handler" "3.38.0"
    "@aws-sdk/protocol-http" "3.38.0"
    "@aws-sdk/smithy-client" "3.38.0"
    "@aws-sdk/types" "3.38.0"
    "@aws-sdk/url-parser" "3.38.0"
    "@aws-sdk/util-base64-browser" "3.37.0"
    "@aws-sdk/util-base64-node" "3.37.0"
    "@aws-sdk/util-body-length-browser" "3.37.0"
    "@aws-sdk/util-body-length-node" "3.37.0"
    "@aws-sdk/util-user-agent-browser" "3.38.0"
    "@aws-sdk/util-user-agent-node" "3.39.0"
    "@aws-sdk/util-utf8-browser" "3.37.0"
    "@aws-sdk/util-utf8-node" "3.37.0"
    entities "2.2.0"
    fast-xml-parser "3.19.0"
    tslib "^2.3.0"

"@aws-sdk/client-sso@3.39.0":
  version "3.39.0"
  resolved "https://registry.yarnpkg.com/@aws-sdk/client-sso/-/client-sso-3.39.0.tgz#00ea42c6bc44d154f03a2051f9611a21bd798980"
  integrity sha512-HVYp893RQIxmHzJVzb2h7IVn8uRPSDuLtsM9edcaAQs5aMlfICH8aW+p9em9keGZA9EcNNYOCZN7HspFV9LG+A==
  dependencies:
    "@aws-crypto/sha256-browser" "2.0.0"
    "@aws-crypto/sha256-js" "2.0.0"
    "@aws-sdk/config-resolver" "3.39.0"
    "@aws-sdk/fetch-http-handler" "3.38.0"
    "@aws-sdk/hash-node" "3.38.0"
    "@aws-sdk/invalid-dependency" "3.38.0"
    "@aws-sdk/middleware-content-length" "3.38.0"
    "@aws-sdk/middleware-host-header" "3.38.0"
    "@aws-sdk/middleware-logger" "3.38.0"
    "@aws-sdk/middleware-retry" "3.39.0"
    "@aws-sdk/middleware-serde" "3.38.0"
    "@aws-sdk/middleware-stack" "3.38.0"
    "@aws-sdk/middleware-user-agent" "3.38.0"
    "@aws-sdk/node-config-provider" "3.39.0"
    "@aws-sdk/node-http-handler" "3.38.0"
    "@aws-sdk/protocol-http" "3.38.0"
    "@aws-sdk/smithy-client" "3.38.0"
    "@aws-sdk/types" "3.38.0"
    "@aws-sdk/url-parser" "3.38.0"
    "@aws-sdk/util-base64-browser" "3.37.0"
    "@aws-sdk/util-base64-node" "3.37.0"
    "@aws-sdk/util-body-length-browser" "3.37.0"
    "@aws-sdk/util-body-length-node" "3.37.0"
    "@aws-sdk/util-user-agent-browser" "3.38.0"
    "@aws-sdk/util-user-agent-node" "3.39.0"
    "@aws-sdk/util-utf8-browser" "3.37.0"
    "@aws-sdk/util-utf8-node" "3.37.0"
    tslib "^2.3.0"

"@aws-sdk/client-sts@3.39.0":
  version "3.39.0"
  resolved "https://registry.yarnpkg.com/@aws-sdk/client-sts/-/client-sts-3.39.0.tgz#0a5a8d86aa5432c30b71e703eb1f312cca54db3d"
  integrity sha512-qTPyPGq6mWeutmYOsCClO8ENZuasybGykT90C0WYP3u1ppVRLzy1eWlLddUMiyr4RbSSOpNEANV0neBgg0oQug==
  dependencies:
    "@aws-crypto/sha256-browser" "2.0.0"
    "@aws-crypto/sha256-js" "2.0.0"
    "@aws-sdk/config-resolver" "3.39.0"
    "@aws-sdk/credential-provider-node" "3.39.0"
    "@aws-sdk/fetch-http-handler" "3.38.0"
    "@aws-sdk/hash-node" "3.38.0"
    "@aws-sdk/invalid-dependency" "3.38.0"
    "@aws-sdk/middleware-content-length" "3.38.0"
    "@aws-sdk/middleware-host-header" "3.38.0"
    "@aws-sdk/middleware-logger" "3.38.0"
    "@aws-sdk/middleware-retry" "3.39.0"
    "@aws-sdk/middleware-sdk-sts" "3.39.0"
    "@aws-sdk/middleware-serde" "3.38.0"
    "@aws-sdk/middleware-signing" "3.39.0"
    "@aws-sdk/middleware-stack" "3.38.0"
    "@aws-sdk/middleware-user-agent" "3.38.0"
    "@aws-sdk/node-config-provider" "3.39.0"
    "@aws-sdk/node-http-handler" "3.38.0"
    "@aws-sdk/protocol-http" "3.38.0"
    "@aws-sdk/smithy-client" "3.38.0"
    "@aws-sdk/types" "3.38.0"
    "@aws-sdk/url-parser" "3.38.0"
    "@aws-sdk/util-base64-browser" "3.37.0"
    "@aws-sdk/util-base64-node" "3.37.0"
    "@aws-sdk/util-body-length-browser" "3.37.0"
    "@aws-sdk/util-body-length-node" "3.37.0"
    "@aws-sdk/util-user-agent-browser" "3.38.0"
    "@aws-sdk/util-user-agent-node" "3.39.0"
    "@aws-sdk/util-utf8-browser" "3.37.0"
    "@aws-sdk/util-utf8-node" "3.37.0"
    entities "2.2.0"
    fast-xml-parser "3.19.0"
    tslib "^2.3.0"

"@aws-sdk/config-resolver@3.39.0":
  version "3.39.0"
  resolved "https://registry.yarnpkg.com/@aws-sdk/config-resolver/-/config-resolver-3.39.0.tgz#1de3a0fca1967366f288c8330f52786d15710ae7"
  integrity sha512-NyRTl+n5DcIY8Rlx3Q9CULFuVsJtQ2uuGRo8uJ4U6QyD5VvSde9vE45dTWik703yW1IXWgK5/2P/zwEPKajvJQ==
  dependencies:
    "@aws-sdk/signature-v4" "3.39.0"
    "@aws-sdk/types" "3.38.0"
    tslib "^2.3.0"

"@aws-sdk/credential-provider-env@3.38.0":
  version "3.38.0"
  resolved "https://registry.yarnpkg.com/@aws-sdk/credential-provider-env/-/credential-provider-env-3.38.0.tgz#994ed65fdc66ea2c9a5d640c402d158b9ffa0158"
  integrity sha512-XrPwlT/txzBttkU4B11igfcwcgQyG70WOvNGtjD8C4r9dNJgIH4eDcIwPeGpxC6iz5ulb9Y4M50nLgovJhtxvg==
  dependencies:
    "@aws-sdk/property-provider" "3.38.0"
    "@aws-sdk/types" "3.38.0"
    tslib "^2.3.0"

"@aws-sdk/credential-provider-imds@3.39.0":
  version "3.39.0"
  resolved "https://registry.yarnpkg.com/@aws-sdk/credential-provider-imds/-/credential-provider-imds-3.39.0.tgz#4eee0603fdf64264c3ab073bd83333aac95e1d73"
  integrity sha512-D8lYSE9DGrcBTJj0IBeT0agkMAMCSXEwVV2iGlthh+/cKVo3mkVKfDqtO/Qjnxhs5+CTGnKt6fhKrY3b2lmkQA==
  dependencies:
    "@aws-sdk/node-config-provider" "3.39.0"
    "@aws-sdk/property-provider" "3.38.0"
    "@aws-sdk/types" "3.38.0"
    "@aws-sdk/url-parser" "3.38.0"
    tslib "^2.3.0"

"@aws-sdk/credential-provider-ini@3.39.0":
  version "3.39.0"
  resolved "https://registry.yarnpkg.com/@aws-sdk/credential-provider-ini/-/credential-provider-ini-3.39.0.tgz#5f9e73dad31be6d12a910cc758408dd68422e98a"
  integrity sha512-424COz8Kbu6SQjOsmABXr+NoVyVb9vRGApnCmiJxGpEc2C8J5ak2cUhZY2enlkLV/Ij+DzfP3oDgR7SFtGBE3Q==
  dependencies:
    "@aws-sdk/credential-provider-env" "3.38.0"
    "@aws-sdk/credential-provider-imds" "3.39.0"
    "@aws-sdk/credential-provider-sso" "3.39.0"
    "@aws-sdk/credential-provider-web-identity" "3.38.0"
    "@aws-sdk/property-provider" "3.38.0"
    "@aws-sdk/shared-ini-file-loader" "3.37.0"
    "@aws-sdk/types" "3.38.0"
    "@aws-sdk/util-credentials" "3.37.0"
    tslib "^2.3.0"

"@aws-sdk/credential-provider-node@3.39.0":
  version "3.39.0"
  resolved "https://registry.yarnpkg.com/@aws-sdk/credential-provider-node/-/credential-provider-node-3.39.0.tgz#5c736b67f241fb4335a57d908f8dd36a99b00ac7"
  integrity sha512-JedASvuCiaJwbmKIXHoC3ukQBU6Sw164GCzNprZv5+LTrBsuLTAagl2/1oTZZRSnhDmVxKI79N48lpXq0l9egg==
  dependencies:
    "@aws-sdk/credential-provider-env" "3.38.0"
    "@aws-sdk/credential-provider-imds" "3.39.0"
    "@aws-sdk/credential-provider-ini" "3.39.0"
    "@aws-sdk/credential-provider-process" "3.38.0"
    "@aws-sdk/credential-provider-sso" "3.39.0"
    "@aws-sdk/credential-provider-web-identity" "3.38.0"
    "@aws-sdk/property-provider" "3.38.0"
    "@aws-sdk/shared-ini-file-loader" "3.37.0"
    "@aws-sdk/types" "3.38.0"
    "@aws-sdk/util-credentials" "3.37.0"
    tslib "^2.3.0"

"@aws-sdk/credential-provider-process@3.38.0":
  version "3.38.0"
  resolved "https://registry.yarnpkg.com/@aws-sdk/credential-provider-process/-/credential-provider-process-3.38.0.tgz#432eac9814d3de3090764f933aebb498f4608727"
  integrity sha512-Dh4Xc0y1mKc1kf6sJ1OZ8zrhZTw6B6OEwQe2CNftHPnstH8Jdkrcqwro2Xg5LFmW+AXGvvd7hlPn9su5FltsZg==
  dependencies:
    "@aws-sdk/property-provider" "3.38.0"
    "@aws-sdk/shared-ini-file-loader" "3.37.0"
    "@aws-sdk/types" "3.38.0"
    "@aws-sdk/util-credentials" "3.37.0"
    tslib "^2.3.0"

"@aws-sdk/credential-provider-sso@3.39.0":
  version "3.39.0"
  resolved "https://registry.yarnpkg.com/@aws-sdk/credential-provider-sso/-/credential-provider-sso-3.39.0.tgz#b868dc85e3d6bf44c058e0aae79bb177b6c798a8"
  integrity sha512-A98ZzbS+lhQnepmf8DKTIXrr+xwe07Mpao0vEKjxnxE4AzRMMcjUxti8D7BKfLE4EFMXU+M6A6M5BlVM+kLROQ==
  dependencies:
    "@aws-sdk/client-sso" "3.39.0"
    "@aws-sdk/property-provider" "3.38.0"
    "@aws-sdk/shared-ini-file-loader" "3.37.0"
    "@aws-sdk/types" "3.38.0"
    "@aws-sdk/util-credentials" "3.37.0"
    tslib "^2.3.0"

"@aws-sdk/credential-provider-web-identity@3.38.0":
  version "3.38.0"
  resolved "https://registry.yarnpkg.com/@aws-sdk/credential-provider-web-identity/-/credential-provider-web-identity-3.38.0.tgz#1906b514fe361f7c36debc34cffaeb5d2c8712ec"
  integrity sha512-gl/pQ4U+T16+YHweOe3K+EKZRu0NVrheokja99NYhr1QhkoVFLVRcqBj5PsRyB16rXt3yBnF0LWWEk3fSR69dQ==
  dependencies:
    "@aws-sdk/property-provider" "3.38.0"
    "@aws-sdk/types" "3.38.0"
    tslib "^2.3.0"

"@aws-sdk/fetch-http-handler@3.38.0":
  version "3.38.0"
  resolved "https://registry.yarnpkg.com/@aws-sdk/fetch-http-handler/-/fetch-http-handler-3.38.0.tgz#078ba2fcbacc5863ef5cb0ba4e7130e00c6ce5c5"
  integrity sha512-gmqudofPX4cdCNOtrI/DVjUO5vbNxH3dT0WwsYtHDG95KlT+cpVE1eeE4f1rL2QpCgC5zuN1lxqhbh+vktrGXw==
  dependencies:
    "@aws-sdk/protocol-http" "3.38.0"
    "@aws-sdk/querystring-builder" "3.38.0"
    "@aws-sdk/types" "3.38.0"
    "@aws-sdk/util-base64-browser" "3.37.0"
    tslib "^2.3.0"

"@aws-sdk/hash-node@3.38.0":
  version "3.38.0"
  resolved "https://registry.yarnpkg.com/@aws-sdk/hash-node/-/hash-node-3.38.0.tgz#8fe9d677d1d8df5b1b96a5e708370382e115920c"
  integrity sha512-IRxBx2KDsu/lK0/d411UzxvR1FctZ9vz5L5UnULA0SVGPti3kxCQOSmk9eFdvxRZgp0+AByDCKmAZJrcYKNDqg==
  dependencies:
    "@aws-sdk/types" "3.38.0"
    "@aws-sdk/util-buffer-from" "3.37.0"
    tslib "^2.3.0"

"@aws-sdk/invalid-dependency@3.38.0":
  version "3.38.0"
  resolved "https://registry.yarnpkg.com/@aws-sdk/invalid-dependency/-/invalid-dependency-3.38.0.tgz#04d25d195edb25837f722a67489e67275c0f2a9e"
  integrity sha512-m7UNt0A/QYeS2Dzw1AOsWNJ19YRz/fHR//b/Kz3t6fyDcx/3w8bLUWYRgpM3TVZGMZPTgeaHMSKPulgsLZ33vA==
  dependencies:
    "@aws-sdk/types" "3.38.0"
    tslib "^2.3.0"

"@aws-sdk/is-array-buffer@3.37.0":
  version "3.37.0"
  resolved "https://registry.yarnpkg.com/@aws-sdk/is-array-buffer/-/is-array-buffer-3.37.0.tgz#aa87619f8172b1a2a7ac8d573032025d98ae6c50"
  integrity sha512-XLjA/a6AuGnCvcJZLsMTy2jxF2upgGhqCCkoIJgLlzzXHSihur13KcmPvW/zcaGnCRj0SvKWXiJHl4vDlW75VQ==
  dependencies:
    tslib "^2.3.0"

"@aws-sdk/md5-js@3.38.0":
  version "3.38.0"
  resolved "https://registry.yarnpkg.com/@aws-sdk/md5-js/-/md5-js-3.38.0.tgz#1dc0170b8c3ac48db81d28db0125e7fc69a7911a"
  integrity sha512-5CWLDLkmpB2Lez6DCZK8JyCZSRe+ih+jdmy1jKTI4qo/qC3zRzUft6h2BxN3sKbEKBZb34Rj2p9JrYGsh6AeyA==
  dependencies:
    "@aws-sdk/types" "3.38.0"
    "@aws-sdk/util-utf8-browser" "3.37.0"
    "@aws-sdk/util-utf8-node" "3.37.0"
    tslib "^2.3.0"

"@aws-sdk/middleware-content-length@3.38.0":
  version "3.38.0"
  resolved "https://registry.yarnpkg.com/@aws-sdk/middleware-content-length/-/middleware-content-length-3.38.0.tgz#c5c80ce7c4bd9f7b8d2056f67b004c85ec4e9e90"
  integrity sha512-deFrPlQaFKD9VIysI/EUeOziUE+5mfTfv6y8CMZTha8GpMeyxyajf+S+S//z8ZeC8Bg8HQSD9jEOaF2qrsH+FQ==
  dependencies:
    "@aws-sdk/protocol-http" "3.38.0"
    "@aws-sdk/types" "3.38.0"
    tslib "^2.3.0"

"@aws-sdk/middleware-host-header@3.38.0":
  version "3.38.0"
  resolved "https://registry.yarnpkg.com/@aws-sdk/middleware-host-header/-/middleware-host-header-3.38.0.tgz#c4ad8bc24ac4d48e88ec524b167c5e132daaa211"
  integrity sha512-Mu9InSNhhobO/Zu/uFd+Ss7Fj6rl20ylXE6Uxkj4oUEAb1FoSsaX9vlpefwdX7xiDWRipOv2clFbCcnhgqRcCg==
  dependencies:
    "@aws-sdk/protocol-http" "3.38.0"
    "@aws-sdk/types" "3.38.0"
    tslib "^2.3.0"

"@aws-sdk/middleware-logger@3.38.0":
  version "3.38.0"
  resolved "https://registry.yarnpkg.com/@aws-sdk/middleware-logger/-/middleware-logger-3.38.0.tgz#3df66285b12c8fe3ab327c07afe6e1beb873c315"
  integrity sha512-j8vlFwCg5he0r05yT83pYQBnXy91O9VscrEchqA+1BIX50JE2y1QCtQQwor9cBiKkU0BPCWuDC0L9uZGbBmVMg==
  dependencies:
    "@aws-sdk/types" "3.38.0"
    tslib "^2.3.0"

"@aws-sdk/middleware-retry@3.39.0":
  version "3.39.0"
  resolved "https://registry.yarnpkg.com/@aws-sdk/middleware-retry/-/middleware-retry-3.39.0.tgz#f912decbd29cf7f6201ef37a6ebad0a37c617b03"
  integrity sha512-Mh9ELBEG4eHpx2cP84+NpLd5tre90NL2HL9Ov2xOnBO7a0MeH7tb7jh21tsNBBF5AdaP7K7q0513Bw6V0VA4Zg==
  dependencies:
    "@aws-sdk/protocol-http" "3.38.0"
    "@aws-sdk/service-error-classification" "3.38.0"
    "@aws-sdk/types" "3.38.0"
    tslib "^2.3.0"
    uuid "^8.3.2"

"@aws-sdk/middleware-sdk-sqs@3.38.0":
  version "3.38.0"
  resolved "https://registry.yarnpkg.com/@aws-sdk/middleware-sdk-sqs/-/middleware-sdk-sqs-3.38.0.tgz#d6c66969c49d31f425cbe307c916b291c011e2d3"
  integrity sha512-HaYSMHoHhYOEcbcffHBQEwoP60mw5edmxNXlOWjMwKAiWAHEBAMzI/mMEq7iCznASCrS5B8B94F+sZT8ZPkzKg==
  dependencies:
    "@aws-sdk/types" "3.38.0"
    "@aws-sdk/util-hex-encoding" "3.37.0"
    tslib "^2.3.0"

"@aws-sdk/middleware-sdk-sts@3.39.0":
  version "3.39.0"
  resolved "https://registry.yarnpkg.com/@aws-sdk/middleware-sdk-sts/-/middleware-sdk-sts-3.39.0.tgz#012d7a94f05f0c1bc4bf63c92d0951264ebc039d"
  integrity sha512-n9STxpg4tb50cleIHrgk36rVjRvWbxSSNaLMx94jhnXOAfCiSA0XRNrvymK92dCxm1rPX/c6etJkT6tVQ+8cdw==
  dependencies:
    "@aws-sdk/middleware-signing" "3.39.0"
    "@aws-sdk/property-provider" "3.38.0"
    "@aws-sdk/protocol-http" "3.38.0"
    "@aws-sdk/signature-v4" "3.39.0"
    "@aws-sdk/types" "3.38.0"
    tslib "^2.3.0"

"@aws-sdk/middleware-serde@3.38.0":
  version "3.38.0"
  resolved "https://registry.yarnpkg.com/@aws-sdk/middleware-serde/-/middleware-serde-3.38.0.tgz#fb081ab2a889569ffda960af89c725b4b8036dd1"
  integrity sha512-vtxaBe1KkXPaqVP8pKxdur5fGi+OH6aI1OkH4yUvmxrSZtDaECuhUn+Vl2ry6KSlvyzHD4DkgiUr0pgjK1/Peg==
  dependencies:
    "@aws-sdk/types" "3.38.0"
    tslib "^2.3.0"

"@aws-sdk/middleware-signing@3.39.0":
  version "3.39.0"
  resolved "https://registry.yarnpkg.com/@aws-sdk/middleware-signing/-/middleware-signing-3.39.0.tgz#e048f94d45237d743b3028dc362e00422756d05e"
  integrity sha512-/ooDw0v8P3CXsWegjlThSdBvZcZ7V1xHc4ANmWUoWUupFgn4iC/Mdw7KrbJZaX8EtSzJC2cx1EsAnPxp4jlIyg==
  dependencies:
    "@aws-sdk/property-provider" "3.38.0"
    "@aws-sdk/protocol-http" "3.38.0"
    "@aws-sdk/signature-v4" "3.39.0"
    "@aws-sdk/types" "3.38.0"
    tslib "^2.3.0"

"@aws-sdk/middleware-stack@3.38.0":
  version "3.38.0"
  resolved "https://registry.yarnpkg.com/@aws-sdk/middleware-stack/-/middleware-stack-3.38.0.tgz#9b4f297e91adc390be2ea5c1c059ee956693cf05"
  integrity sha512-3M6ndxcaBvS8UL3yNMjj4NWnpkV2ZZoXtoiYdUIITTOOiaVCE3V69EcdASFYLdWu/D6VnVjF9MbZCAggppvQRA==
  dependencies:
    tslib "^2.3.0"

"@aws-sdk/middleware-user-agent@3.38.0":
  version "3.38.0"
  resolved "https://registry.yarnpkg.com/@aws-sdk/middleware-user-agent/-/middleware-user-agent-3.38.0.tgz#9d175404d20b2d46190a28b0a2c46a7338f3512a"
  integrity sha512-ZGiGk6xlhtQULLceSXxM7KrMqfFMVkQ6yvtIn0BnJciNNnkF08FEyBq4cthvwFEO7SBGdc8XyEoi59xQP+gSkg==
  dependencies:
    "@aws-sdk/protocol-http" "3.38.0"
    "@aws-sdk/types" "3.38.0"
    tslib "^2.3.0"

"@aws-sdk/node-config-provider@3.39.0":
  version "3.39.0"
  resolved "https://registry.yarnpkg.com/@aws-sdk/node-config-provider/-/node-config-provider-3.39.0.tgz#dbac7b01e8c79ecce0bfa443fd4393edf2103d2a"
  integrity sha512-RCKt+5pzlsd56jhVEOE8UBKBYauPXjOGhaF8i191K61tRcvRdMBx2G1Di6sLiBzFdoKrMqBL3DJd73gsCWcqDA==
  dependencies:
    "@aws-sdk/property-provider" "3.38.0"
    "@aws-sdk/shared-ini-file-loader" "3.37.0"
    "@aws-sdk/types" "3.38.0"
    tslib "^2.3.0"

"@aws-sdk/node-http-handler@3.38.0":
  version "3.38.0"
  resolved "https://registry.yarnpkg.com/@aws-sdk/node-http-handler/-/node-http-handler-3.38.0.tgz#00695d7ef8485819cab635e6e1838d8522d96343"
  integrity sha512-acWeyvYMjAQAHZ6npXUiVfpGU+lLiVo8F+mC5t4v8vgy/yA1oXf8lC0XKKJRptnW2jKoyZzrWd5yRy1vBIa6Fg==
  dependencies:
    "@aws-sdk/abort-controller" "3.38.0"
    "@aws-sdk/protocol-http" "3.38.0"
    "@aws-sdk/querystring-builder" "3.38.0"
    "@aws-sdk/types" "3.38.0"
    tslib "^2.3.0"

"@aws-sdk/property-provider@3.38.0":
  version "3.38.0"
  resolved "https://registry.yarnpkg.com/@aws-sdk/property-provider/-/property-provider-3.38.0.tgz#e7e6625d7f08b7a042ecbe1e6d591553d0bc9957"
  integrity sha512-JLw1bw/PnA2QefaLe9CMlc/1JphIQT7Jq3JWhMz34ddZW3A45kVILwUW7klkiy/OcF/xUPs0gz45EEiUOhjj0w==
  dependencies:
    "@aws-sdk/types" "3.38.0"
    tslib "^2.3.0"

"@aws-sdk/protocol-http@3.38.0":
  version "3.38.0"
  resolved "https://registry.yarnpkg.com/@aws-sdk/protocol-http/-/protocol-http-3.38.0.tgz#d297701c0e1235c5fbec6f014d5d8cbda2d2b409"
  integrity sha512-2z6QEJX16hvNoTZDmvrg8RIrnEv6hRCM4lELluFXE72T4FMfJpdsDWXTmQNHI8TyUcriyMjXztY62vOGNIzppg==
  dependencies:
    "@aws-sdk/types" "3.38.0"
    tslib "^2.3.0"

"@aws-sdk/querystring-builder@3.38.0":
  version "3.38.0"
  resolved "https://registry.yarnpkg.com/@aws-sdk/querystring-builder/-/querystring-builder-3.38.0.tgz#160b8ba5257d4fc28e9355b29e2992de950a1b1c"
  integrity sha512-kvIYvkmPZDqHPNpEbSZPprqhtW25fq1fFgnHV9sGfKqkqnL+4LKMf2MmlKgKD+e7DaXAN3zkIaI9ibSjL/5UQQ==
  dependencies:
    "@aws-sdk/types" "3.38.0"
    "@aws-sdk/util-uri-escape" "3.37.0"
    tslib "^2.3.0"

"@aws-sdk/querystring-parser@3.38.0":
  version "3.38.0"
  resolved "https://registry.yarnpkg.com/@aws-sdk/querystring-parser/-/querystring-parser-3.38.0.tgz#348be56bd1f7db63d5faa7012ee57cb42ecd766e"
  integrity sha512-rIzE+Rjmn7L0YBRrgZPzsqNu1NYSrW2v+BOdmQI8PMuhZ9T+gU6ttTTwpY/uVOmH8FeoaxWS+MRhI3FoV3eYOQ==
  dependencies:
    "@aws-sdk/types" "3.38.0"
    tslib "^2.3.0"

"@aws-sdk/service-error-classification@3.38.0":
  version "3.38.0"
  resolved "https://registry.yarnpkg.com/@aws-sdk/service-error-classification/-/service-error-classification-3.38.0.tgz#76aa14380809676e1d30ea21f9b7d85031a09a06"
  integrity sha512-/lWkibTVZz2+/CwembYJ+ETMVlwFWF7UBKdwa6xRIbE+sp74c1li1L6d/PU83PolAt86bLTXaKpdpMsj+d1WAg==

"@aws-sdk/shared-ini-file-loader@3.37.0":
  version "3.37.0"
  resolved "https://registry.yarnpkg.com/@aws-sdk/shared-ini-file-loader/-/shared-ini-file-loader-3.37.0.tgz#ca595d9745150f46805f68be6a6c1607d618ad94"
  integrity sha512-+vRBSlfa48R9KL7DpQt3dsu5/+5atjRgoCISblWo3SLpjrx41pKcjKneo7a1u0aP1Xc2oG2TfIyqTWZuOXsmEQ==
  dependencies:
    tslib "^2.3.0"

"@aws-sdk/signature-v4@3.39.0":
  version "3.39.0"
  resolved "https://registry.yarnpkg.com/@aws-sdk/signature-v4/-/signature-v4-3.39.0.tgz#5213e690dd6436bd6d3e7690980e423b8d52b46b"
  integrity sha512-hGfO/ptA4oRy13/5eML21yayz1cuzTNK9MDUszFivw1Pdg7qk/605DSX551etEKvy9IAhPCXx7vbPuRujcj9qQ==
  dependencies:
    "@aws-sdk/is-array-buffer" "3.37.0"
    "@aws-sdk/types" "3.38.0"
    "@aws-sdk/util-hex-encoding" "3.37.0"
    "@aws-sdk/util-uri-escape" "3.37.0"
    tslib "^2.3.0"

"@aws-sdk/smithy-client@3.38.0":
  version "3.38.0"
  resolved "https://registry.yarnpkg.com/@aws-sdk/smithy-client/-/smithy-client-3.38.0.tgz#a756b8bd8608e9ff9b69ba27f83d5deb51fd9f1b"
  integrity sha512-FRYE1eNCSl5hkW8XB8XnE6YrW4TmEGq/SgJqZIsPaH0eIYoKWAAzC295go6GR/BWdqTOIgJVps5fROh/5DqLmg==
  dependencies:
    "@aws-sdk/middleware-stack" "3.38.0"
    "@aws-sdk/types" "3.38.0"
    tslib "^2.3.0"

"@aws-sdk/types@3.38.0", "@aws-sdk/types@^3.1.0":
  version "3.38.0"
  resolved "https://registry.yarnpkg.com/@aws-sdk/types/-/types-3.38.0.tgz#16b3c2d78512d7f193edb519de46c5ef00fffd2b"
  integrity sha512-Opux3HLwMlWb7GIJxERsOnmbHrT2A1gsd8aF5zHapWPPH5Z0rYsgTIq64qgim896XlKlOw6/YzhD5CdyNjlQWg==

"@aws-sdk/url-parser@3.38.0":
  version "3.38.0"
  resolved "https://registry.yarnpkg.com/@aws-sdk/url-parser/-/url-parser-3.38.0.tgz#32bea12a3f4a1e3b4f83987ffb5543347b1b9d14"
  integrity sha512-TQOc099wfrSEc2giCMQxKqMkYnI15QoDoDHelM5l/UHd1uvfB9Q1jZSvSvsaGVB7dG+OsrfiN5GHy0qOSwdxfQ==
  dependencies:
    "@aws-sdk/querystring-parser" "3.38.0"
    "@aws-sdk/types" "3.38.0"
    tslib "^2.3.0"

"@aws-sdk/util-base64-browser@3.37.0":
  version "3.37.0"
  resolved "https://registry.yarnpkg.com/@aws-sdk/util-base64-browser/-/util-base64-browser-3.37.0.tgz#4bf105de91e5e17ded644557dac6851c30e992d2"
  integrity sha512-o4s/rHVm5k8eC/T7grJQINyYA/mKfDmEWKMA9wk5iBroXlI2rUm7x649TBk5hzoddufk/mffEeNz/1wM7yTmlg==
  dependencies:
    tslib "^2.3.0"

"@aws-sdk/util-base64-node@3.37.0":
  version "3.37.0"
  resolved "https://registry.yarnpkg.com/@aws-sdk/util-base64-node/-/util-base64-node-3.37.0.tgz#81ff164d227db8faeb910af33ff5f861269d6d67"
  integrity sha512-1UPxly1GPrGZtlIWvbNCDIAund4Oyp8cFi9neA43TeNACvrmEQu/nG01pDbOoo0ENoVSVJrNAVBeqKEpqjH2GA==
  dependencies:
    "@aws-sdk/util-buffer-from" "3.37.0"
    tslib "^2.3.0"

"@aws-sdk/util-body-length-browser@3.37.0":
  version "3.37.0"
  resolved "https://registry.yarnpkg.com/@aws-sdk/util-body-length-browser/-/util-body-length-browser-3.37.0.tgz#2e3a375ac191a9bacd40a6b3479ee402dcb5769d"
  integrity sha512-tClmH1uYelqWT43xxmnOsVFbCQJiIwizp6y4E109G2LIof07inxrO0L8nbwBpjhugVplx6NZr9IaqTFqbdM1gA==
  dependencies:
    tslib "^2.3.0"

"@aws-sdk/util-body-length-node@3.37.0":
  version "3.37.0"
  resolved "https://registry.yarnpkg.com/@aws-sdk/util-body-length-node/-/util-body-length-node-3.37.0.tgz#d6170dafd351799687d583f818a4a3924b61cbec"
  integrity sha512-aY3mXdbEajruRi9CHgq/heM89R+Gectj/Xrs1naewmamaN8NJrvjDm3s+cw//lqqSOW903LYHXDgm7wvCzUnFA==
  dependencies:
    tslib "^2.3.0"

"@aws-sdk/util-buffer-from@3.37.0":
  version "3.37.0"
  resolved "https://registry.yarnpkg.com/@aws-sdk/util-buffer-from/-/util-buffer-from-3.37.0.tgz#298d4a925b9f0ca23f99617648cd9fb3896b573c"
  integrity sha512-aa3SBwjLwImuJoE4+hxDIWQ9REz3UFb3p7KFPe9qopdXb/yB12RTcbrXVb4whUux4i4mO6KRij0ZNjFZrjrKPg==
  dependencies:
    "@aws-sdk/is-array-buffer" "3.37.0"
    tslib "^2.3.0"

"@aws-sdk/util-credentials@3.37.0":
  version "3.37.0"
  resolved "https://registry.yarnpkg.com/@aws-sdk/util-credentials/-/util-credentials-3.37.0.tgz#76261c3d7c20bee5d28e5c17741adf19558b3b67"
  integrity sha512-zcLhSZDKgBLhUjSU5HoQpuQiP3v8oE86NmV/tiZVPEaO6YVULEAB2Cfj1hpM/b/JXWzjSHfT06KXT7QUODKS+A==
  dependencies:
    "@aws-sdk/shared-ini-file-loader" "3.37.0"
    tslib "^2.3.0"

"@aws-sdk/util-hex-encoding@3.37.0":
  version "3.37.0"
  resolved "https://registry.yarnpkg.com/@aws-sdk/util-hex-encoding/-/util-hex-encoding-3.37.0.tgz#40ce21b5ff682e811e98ac7476692ee55ae61493"
  integrity sha512-tn5UpfaeM+rZWqynoNqB8lwtcAXil5YYO3HLGH9himpWAdft/2Z7LK6bsYDpctaAI1WHgMDcL0bw3Id04ZUbhA==
  dependencies:
    tslib "^2.3.0"

"@aws-sdk/util-locate-window@^3.0.0":
  version "3.37.0"
  resolved "https://registry.yarnpkg.com/@aws-sdk/util-locate-window/-/util-locate-window-3.37.0.tgz#e041f411e5e6a235e5bcffacc4b7fa90f25d8d01"
  integrity sha512-NvDCfOhLLVHp27oGUUs8EVirhz91aX5gdxGS7J/sh5PF0cNN8rwaR1vSLR7BxPmJHMO7NH7i9EwiELfLfYcq6g==
  dependencies:
    tslib "^2.3.0"

"@aws-sdk/util-uri-escape@3.37.0":
  version "3.37.0"
  resolved "https://registry.yarnpkg.com/@aws-sdk/util-uri-escape/-/util-uri-escape-3.37.0.tgz#42b8393a51dcc04f228e70d1c94c2fe38a738994"
  integrity sha512-8pKf4YJTELP5lm/CEgYw2atyJBB1RWWqFa0sZx6YJmTlOtLF5G6raUdAi4iDa2hldGt2B6IAdIIyuusT8zeU8Q==
  dependencies:
    tslib "^2.3.0"

"@aws-sdk/util-user-agent-browser@3.38.0":
  version "3.38.0"
  resolved "https://registry.yarnpkg.com/@aws-sdk/util-user-agent-browser/-/util-user-agent-browser-3.38.0.tgz#bdc689e57c2d144fa76d997075d01398bb51e790"
  integrity sha512-u1SQns/U1RNiEQmTD1ND71sD2Dwqmb6uO6yu6AZ0ukr5sbrbNztCqpsJAFs3FbDa3WF3uieSzBy2JbpCo30nhw==
  dependencies:
    "@aws-sdk/types" "3.38.0"
    bowser "^2.11.0"
    tslib "^2.3.0"

"@aws-sdk/util-user-agent-node@3.39.0":
  version "3.39.0"
  resolved "https://registry.yarnpkg.com/@aws-sdk/util-user-agent-node/-/util-user-agent-node-3.39.0.tgz#d36d7753d6ffe90ad186ddfbf9e6dde820f24a84"
  integrity sha512-uNFqhDCyOVjK6L8C1uR+AfWaslDqK180+VsWpWavtnefjstIKPbdqinu/yxaXDjL74oPbBc3wEyBpw21jeXFuA==
  dependencies:
    "@aws-sdk/node-config-provider" "3.39.0"
    "@aws-sdk/types" "3.38.0"
    tslib "^2.3.0"

"@aws-sdk/util-utf8-browser@3.37.0", "@aws-sdk/util-utf8-browser@^3.0.0":
  version "3.37.0"
  resolved "https://registry.yarnpkg.com/@aws-sdk/util-utf8-browser/-/util-utf8-browser-3.37.0.tgz#d896899f4c475ceeaf8b77c5d7cdc453e5fe6b83"
  integrity sha512-tuiOxzfqet1kKGYzlgpMGfhr64AHJnYsFx2jZiH/O6Yq8XQg43ryjQlbJlim/K/XHGNzY0R+nabeJg34q3Ua1g==
  dependencies:
    tslib "^2.3.0"

"@aws-sdk/util-utf8-node@3.37.0":
  version "3.37.0"
  resolved "https://registry.yarnpkg.com/@aws-sdk/util-utf8-node/-/util-utf8-node-3.37.0.tgz#300912cce55d72c18213190237d6ab943e17b5bf"
  integrity sha512-fUAgd7UTCULL36j9/vnXHxVhxvswnq23mYgTCIT8NQ7wHN30q2a89ym1e9DwGeQkJEBOkOcKLn6nsMsN7YQMDQ==
  dependencies:
    "@aws-sdk/util-buffer-from" "3.37.0"
    tslib "^2.3.0"

"@babel/runtime@^7.15.4":
  version "7.16.0"
  resolved "https://registry.yarnpkg.com/@babel/runtime/-/runtime-7.16.0.tgz#e27b977f2e2088ba24748bf99b5e1dece64e4f0b"
  integrity sha512-Nht8L0O8YCktmsDV6FqFue7vQLRx3Hb0B37lS5y0jDRqRxlBG4wIJHnf9/bgSE2UyipKFA01YtS+npRdTWBUyw==
  dependencies:
    regenerator-runtime "^0.13.4"

"@types/turndown@^5.0.1":
  version "5.0.1"
  resolved "https://registry.yarnpkg.com/@types/turndown/-/turndown-5.0.1.tgz#fcda7b02cda4c9d445be1440036df20f335b9387"
  integrity sha512-N8Ad4e3oJxh9n9BiZx9cbe/0M3kqDpOTm2wzj13wdDUxDPjfjloWIJaquZzWE1cYTAHpjOH3rcTnXQdpEfS/SQ==

assert-plus@^1.0.0:
  version "1.0.0"
  resolved "https://registry.yarnpkg.com/assert-plus/-/assert-plus-1.0.0.tgz#f12e0f3c5d77b0b1cdd9146942e4e96c1e4dd525"
  integrity sha1-8S4PPF13sLHN2RRpQuTpbB5N1SU=

atomic-sleep@^1.0.0:
  version "1.0.0"
  resolved "https://registry.yarnpkg.com/atomic-sleep/-/atomic-sleep-1.0.0.tgz#eb85b77a601fc932cfe432c5acd364a9e2c9075b"
  integrity sha512-kNOjDqAh7px0XWNI+4QbzoiR/nTkHAWNud2uvnJquD1/x5a7EQZMJT0AczqK0Qn67oY/TTQ1LbUKajZpp3I9tQ==

axios-retry@^3.1.9:
  version "3.2.4"
  resolved "https://registry.yarnpkg.com/axios-retry/-/axios-retry-3.2.4.tgz#f447a53c3456f5bfeca18f20c3a3272207d082ae"
  integrity sha512-Co3UXiv4npi6lM963mfnuH90/YFLKWWDmoBYfxkHT5xtkSSWNqK9zdG3fw5/CP/dsoKB5aMMJCsgab+tp1OxLQ==
  dependencies:
    "@babel/runtime" "^7.15.4"
    is-retry-allowed "^2.2.0"

axios@^0.21.1:
  version "0.21.4"
  resolved "https://registry.yarnpkg.com/axios/-/axios-0.21.4.tgz#c67b90dc0568e5c1cf2b0b858c43ba28e2eda575"
  integrity sha512-ut5vewkiu8jjGBdqpM44XxjuCjq9LAKeHVmoVfHVzy8eHgxxq8SbAVQNovDA8mVi05kP0Ea/n/UzcSHcTJQfNg==
  dependencies:
    follow-redirects "^1.14.0"

base64-js@^1.3.1:
  version "1.5.1"
  resolved "https://registry.yarnpkg.com/base64-js/-/base64-js-1.5.1.tgz#1b1b440160a5bf7ad40b650f095963481903930a"
  integrity sha512-AKpaYlHn8t4SVbOHCy+b5+KKgvR4vrsD8vbvrbiQJps7fKDTkjkDry6ji0rUJjC0kzbNePLwzxq8iypo41qeWA==

bowser@^2.11.0:
  version "2.11.0"
  resolved "https://registry.yarnpkg.com/bowser/-/bowser-2.11.0.tgz#5ca3c35757a7aa5771500c70a73a9f91ef420a8f"
  integrity sha512-AlcaJBi/pqqJBIQ8U9Mcpc9i8Aqxn88Skv5d+xBX006BY5u8N3mGLHa5Lgppa7L/HfwgwLgZ6NYs+Ag6uUmJRA==

buffer@^5.6.0:
  version "5.7.1"
  resolved "https://registry.yarnpkg.com/buffer/-/buffer-5.7.1.tgz#ba62e7c13133053582197160851a8f648e99eed0"
  integrity sha512-EHcyIPBQ4BSGlvjB16k5KgAJ27CIsHY/2JBmCRReo48y9rQ3MaUzWX3KVlBa4U7MyX02HdVj0K7C3WaB3ju7FQ==
  dependencies:
    base64-js "^1.3.1"
    ieee754 "^1.1.13"

call-bind@^1.0.0:
  version "1.0.2"
  resolved "https://registry.yarnpkg.com/call-bind/-/call-bind-1.0.2.tgz#b1d4e89e688119c3c9a903ad30abb2f6a919be3c"
  integrity sha512-7O+FbCihrB5WGbFYesctwmTKae6rOiIzmz1icreWJ+0aA7LJfuqhEso2T9ncpcFtzMQtzXf2QGGueWJGTYsqrA==
  dependencies:
    function-bind "^1.1.1"
    get-intrinsic "^1.0.2"

commander@^8.2.0:
  version "8.3.0"
  resolved "https://registry.yarnpkg.com/commander/-/commander-8.3.0.tgz#4837ea1b2da67b9c616a67afbb0fafee567bca66"
  integrity sha512-OkTL9umf+He2DZkUq8f8J9of7yL6RJKI24dVITBmNfZBmri9zYZQrKkuXiKhyfPSu8tUhnVBB1iKXevvnlR4Ww==

core-util-is@1.0.2:
  version "1.0.2"
  resolved "https://registry.yarnpkg.com/core-util-is/-/core-util-is-1.0.2.tgz#b5fd54220aa2bc5ab57aab7140c940754503c1a7"
  integrity sha1-tf1UIgqivFq1eqtxQMlAdUUDwac=

decode-uri-component@^0.2.0:
  version "0.2.0"
  resolved "https://registry.yarnpkg.com/decode-uri-component/-/decode-uri-component-0.2.0.tgz#eb3913333458775cb84cd1a1fae062106bb87545"
  integrity sha1-6zkTMzRYd1y4TNGh+uBiEGu4dUU=

domino@^2.1.6:
  version "2.1.6"
  resolved "https://registry.yarnpkg.com/domino/-/domino-2.1.6.tgz#fe4ace4310526e5e7b9d12c7de01b7f485a57ffe"
  integrity sha512-3VdM/SXBZX2omc9JF9nOPCtDaYQ67BGp5CoLpIQlO2KCAPETs8TcDHacF26jXadGbvUteZzRTeos2fhID5+ucQ==

entities@2.2.0:
  version "2.2.0"
  resolved "https://registry.yarnpkg.com/entities/-/entities-2.2.0.tgz#098dc90ebb83d8dffa089d55256b351d34c4da55"
  integrity sha512-p92if5Nz619I0w+akJrLZH0MX0Pb5DX39XOwQTtXSdQQOaYH03S1uIQp4mhOZtAXrxq4ViO67YTiLBo2638o9A==

extsprintf@^1.2.0:
  version "1.4.1"
  resolved "https://registry.yarnpkg.com/extsprintf/-/extsprintf-1.4.1.tgz#8d172c064867f235c0c84a596806d279bf4bcc07"
  integrity sha512-Wrk35e8ydCKDj/ArClo1VrPVmN8zph5V4AtHwIuHhvMXsKf73UT3BOD+azBIW+3wOJ4FhEH7zyaJCFvChjYvMA==

faros-airbyte-cdk@^0.1.23:
  version "0.1.23"
  resolved "https://registry.yarnpkg.com/faros-airbyte-cdk/-/faros-airbyte-cdk-0.1.23.tgz#47a1158c4fb78dad8c107ed89fc35401825368ec"
  integrity sha512-Xfdeh3P+bsnDakzOHTJuMMUdQ+oSS5WevAjrYaQ5L45CnPAAoyJTUztS86HYZUs+JR38KiA9hw2RRd7PcIXc/A==
  dependencies:
    commander "^8.2.0"
    fast-redact "^3.0.2"
    lodash "^4.17.21"
    pino "^6.13.0"
    verror "^1.10.0"

faros-feeds-sdk@^0.9.0:
  version "0.9.0"
  resolved "https://registry.yarnpkg.com/faros-feeds-sdk/-/faros-feeds-sdk-0.9.0.tgz#ffbc330ff58d1edba06aa5f74b5979815f55f21f"
  integrity sha512-DWNKMkLvTT3+DoojdoQIiMfeN6eCkv2kqXAqeWgfL2tIxUwstHuKLqyarTeCLXB6QdJ1c70KmOHD1hjzmYhU/w==
  dependencies:
    "@avro/common-types" "^0.2.0"
    "@avro/streams" "^1.0.10"
    "@avro/types" "^1.0.18"
    "@aws-sdk/client-kms" "^3.13.1"
    "@aws-sdk/client-sqs" "^3.13.1"
    axios "^0.21.1"
    axios-retry "^3.1.9"
    graphql "^15.5.0"
    lodash "^4.17.21"
    pino "^6.6.1"
    verror "^1.10.0"

fast-redact@^3.0.0, fast-redact@^3.0.2:
  version "3.0.2"
  resolved "https://registry.yarnpkg.com/fast-redact/-/fast-redact-3.0.2.tgz#c940ba7162dde3aeeefc522926ae8c5231412904"
  integrity sha512-YN+CYfCVRVMUZOUPeinHNKgytM1wPI/C/UCLEi56EsY2dwwvI00kIJHJoI7pMVqGoMew8SMZ2SSfHKHULHXDsg==

fast-safe-stringify@^2.0.8:
  version "2.1.1"
  resolved "https://registry.yarnpkg.com/fast-safe-stringify/-/fast-safe-stringify-2.1.1.tgz#c406a83b6e70d9e35ce3b30a81141df30aeba884"
  integrity sha512-W+KJc2dmILlPplD/H4K9l9LcAHAfPtP6BY84uVLXQ6Evcz9Lcg33Y2z1IVblT6xdY54PXYVHEv+0Wpq8Io6zkA==

fast-xml-parser@3.19.0:
  version "3.19.0"
  resolved "https://registry.yarnpkg.com/fast-xml-parser/-/fast-xml-parser-3.19.0.tgz#cb637ec3f3999f51406dd8ff0e6fc4d83e520d01"
  integrity sha512-4pXwmBplsCPv8FOY1WRakF970TjNGnGnfbOnLqjlYvMiF1SR3yOHyxMR/YCXpPTOspNF5gwudqktIP4VsWkvBg==

fastify-warning@^0.2.0:
  version "0.2.0"
  resolved "https://registry.yarnpkg.com/fastify-warning/-/fastify-warning-0.2.0.tgz#e717776026a4493dc9a2befa44db6d17f618008f"
  integrity sha512-s1EQguBw/9qtc1p/WTY4eq9WMRIACkj+HTcOIK1in4MV5aFaQC9ZCIt0dJ7pr5bIf4lPpHvAtP2ywpTNgs7hqw==

filter-obj@^1.1.0:
  version "1.1.0"
  resolved "https://registry.yarnpkg.com/filter-obj/-/filter-obj-1.1.0.tgz#9b311112bc6c6127a16e016c6c5d7f19e0805c5b"
  integrity sha1-mzERErxsYSehbgFsbF1/GeCAXFs=

flatstr@^1.0.12:
  version "1.0.12"
  resolved "https://registry.yarnpkg.com/flatstr/-/flatstr-1.0.12.tgz#c2ba6a08173edbb6c9640e3055b95e287ceb5931"
  integrity sha512-4zPxDyhCyiN2wIAtSLI6gc82/EjqZc1onI4Mz/l0pWrAlsSfYH/2ZIcU+e3oA2wDwbzIWNKwa23F8rh6+DRWkw==

follow-redirects@^1.14.0:
  version "1.14.5"
  resolved "https://registry.yarnpkg.com/follow-redirects/-/follow-redirects-1.14.5.tgz#f09a5848981d3c772b5392309778523f8d85c381"
  integrity sha512-wtphSXy7d4/OR+MvIFbCVBDzZ5520qV8XfPklSN5QtxuMUJZ+b0Wnst1e1lCDocfzuCkHqj8k0FpZqO+UIaKNA==

function-bind@^1.1.1:
  version "1.1.1"
  resolved "https://registry.yarnpkg.com/function-bind/-/function-bind-1.1.1.tgz#a56899d3ea3c9bab874bb9773b7c5ede92f4895d"
  integrity sha512-yIovAzMX49sF8Yl58fSCWJ5svSLuaibPxXQJFLmBObTuCr0Mf1KiPopGM9NiFjiYBCbfaa2Fh6breQ6ANVTI0A==

get-intrinsic@^1.0.2:
  version "1.1.1"
  resolved "https://registry.yarnpkg.com/get-intrinsic/-/get-intrinsic-1.1.1.tgz#15f59f376f855c446963948f0d24cd3637b4abc6"
  integrity sha512-kWZrnVM42QCiEA2Ig1bG8zjoIMOgxWwYCEeNdwY6Tv/cOSeGpcoX4pXHfKUxNKVoArnrEr2e9srnAxxGIraS9Q==
  dependencies:
    function-bind "^1.1.1"
    has "^1.0.3"
    has-symbols "^1.0.1"

git-up@^4.0.0:
  version "4.0.5"
  resolved "https://registry.yarnpkg.com/git-up/-/git-up-4.0.5.tgz#e7bb70981a37ea2fb8fe049669800a1f9a01d759"
  integrity sha512-YUvVDg/vX3d0syBsk/CKUTib0srcQME0JyHkL5BaYdwLsiCslPWmDSi8PUMo9pXYjrryMcmsCoCgsTpSCJEQaA==
  dependencies:
    is-ssh "^1.3.0"
    parse-url "^6.0.0"

git-url-parse@^11.6.0:
  version "11.6.0"
  resolved "https://registry.yarnpkg.com/git-url-parse/-/git-url-parse-11.6.0.tgz#c634b8de7faa66498a2b88932df31702c67df605"
  integrity sha512-WWUxvJs5HsyHL6L08wOusa/IXYtMuCAhrMmnTjQPpBU0TTHyDhnOATNH3xNQz7YOQUsqIIPTGr4xiVti1Hsk5g==
  dependencies:
    git-up "^4.0.0"

graphql@^15.5.0:
  version "15.7.2"
  resolved "https://registry.yarnpkg.com/graphql/-/graphql-15.7.2.tgz#85ab0eeb83722977151b3feb4d631b5f2ab287ef"
  integrity sha512-AnnKk7hFQFmU/2I9YSQf3xw44ctnSFCfp3zE0N6W174gqe9fWG/2rKaKxROK7CcI3XtERpjEKFqts8o319Kf7A==

has-symbols@^1.0.1:
  version "1.0.2"
  resolved "https://registry.yarnpkg.com/has-symbols/-/has-symbols-1.0.2.tgz#165d3070c00309752a1236a479331e3ac56f1423"
  integrity sha512-chXa79rL/UC2KlX17jo3vRGz0azaWEx5tGqZg5pO3NUyEJVB17dMruQlzCCOfUvElghKcm5194+BCRvi2Rv/Gw==

has@^1.0.3:
  version "1.0.3"
  resolved "https://registry.yarnpkg.com/has/-/has-1.0.3.tgz#722d7cbfc1f6aa8241f16dd814e011e1f41e8796"
  integrity sha512-f2dvO0VU6Oej7RkWJGrehjbzMAjFp5/VKPp5tTpWIV4JHHZK1/BxbFRtf/siA2SWTe09caDmVtYYzWEIbBS4zw==
  dependencies:
    function-bind "^1.1.1"

ieee754@^1.1.13:
  version "1.2.1"
  resolved "https://registry.yarnpkg.com/ieee754/-/ieee754-1.2.1.tgz#8eb7a10a63fff25d15a57b001586d177d1b0d352"
  integrity sha512-dcyqhDvX1C46lXZcVqCpK+FtMRQVdIMN6/Df5js2zouUsqG7I6sFxitIC+7KYK29KdXOLHdu9zL4sFnoVQnqaA==

is-retry-allowed@^2.2.0:
  version "2.2.0"
  resolved "https://registry.yarnpkg.com/is-retry-allowed/-/is-retry-allowed-2.2.0.tgz#88f34cbd236e043e71b6932d09b0c65fb7b4d71d"
  integrity sha512-XVm7LOeLpTW4jV19QSH38vkswxoLud8sQ57YwJVTPWdiaI9I8keEhGFpBlslyVsgdQy4Opg8QOLb8YRgsyZiQg==

is-ssh@^1.3.0:
  version "1.3.3"
  resolved "https://registry.yarnpkg.com/is-ssh/-/is-ssh-1.3.3.tgz#7f133285ccd7f2c2c7fc897b771b53d95a2b2c7e"
  integrity sha512-NKzJmQzJfEEma3w5cJNcUMxoXfDjz0Zj0eyCalHn2E6VOwlzjZo0yuO2fcBSf8zhFuVCL/82/r5gRcoi6aEPVQ==
  dependencies:
    protocols "^1.1.0"

jsonata@^1.8.5:
  version "1.8.5"
  resolved "https://registry.yarnpkg.com/jsonata/-/jsonata-1.8.5.tgz#c656c929c92b3fb097792cef661c27c52dfa5148"
  integrity sha512-ilDyTBkg6qhNoNVr8PUPzz5GYvRK+REKOM5MdOGzH2y6V4yvPRMegSvbZLpbTtI0QAgz09QM7drDhSHUlwp9pA==

lodash@^4.17.21:
  version "4.17.21"
  resolved "https://registry.yarnpkg.com/lodash/-/lodash-4.17.21.tgz#679591c564c3bffaae8454cf0b3df370c3d6911c"
  integrity sha512-v2kDEe57lecTulaDIuNTPy3Ry4gLGJ6Z1O3vE1krgXZNrsQ+LFTGHVxVjcXPs17LhbZVGedAJv8XZ1tvj5FvSg==

normalize-url@^6.1.0:
  version "6.1.0"
  resolved "https://registry.yarnpkg.com/normalize-url/-/normalize-url-6.1.0.tgz#40d0885b535deffe3f3147bec877d05fe4c5668a"
  integrity sha512-DlL+XwOy3NxAQ8xuC0okPgK46iuVNAK01YN7RueYBqqFeGsBjV9XmCAzAdgt+667bCl5kPh9EqKKDwnaPG1I7A==

object-inspect@^1.9.0:
  version "1.11.0"
  resolved "https://registry.yarnpkg.com/object-inspect/-/object-inspect-1.11.0.tgz#9dceb146cedd4148a0d9e51ab88d34cf509922b1"
  integrity sha512-jp7ikS6Sd3GxQfZJPyH3cjcbJF6GZPClgdV+EFygjFLQ5FmW/dRUnTd9PQ9k0JhoNDabWFbpF1yCdSWCC6gexg==

object-sizeof@^1.6.1:
  version "1.6.1"
  resolved "https://registry.yarnpkg.com/object-sizeof/-/object-sizeof-1.6.1.tgz#35971f3fd2102bd8b51c67b0a53ed773ff77ab56"
  integrity sha512-gNKGcRnDRXwEpAdwUY3Ef+aVZIrcQVXozSaVzHz6Pv4JxysH8vf5F+nIgsqW5T/YNwZNveh0mIW7PEH1O2MrDw==
  dependencies:
    buffer "^5.6.0"

parse-path@^4.0.0:
  version "4.0.3"
  resolved "https://registry.yarnpkg.com/parse-path/-/parse-path-4.0.3.tgz#82d81ec3e071dcc4ab49aa9f2c9c0b8966bb22bf"
  integrity sha512-9Cepbp2asKnWTJ9x2kpw6Fe8y9JDbqwahGCTvklzd/cEq5C5JC59x2Xb0Kx+x0QZ8bvNquGO8/BWP0cwBHzSAA==
  dependencies:
    is-ssh "^1.3.0"
    protocols "^1.4.0"
    qs "^6.9.4"
    query-string "^6.13.8"

parse-url@^6.0.0:
  version "6.0.0"
  resolved "https://registry.yarnpkg.com/parse-url/-/parse-url-6.0.0.tgz#f5dd262a7de9ec00914939220410b66cff09107d"
  integrity sha512-cYyojeX7yIIwuJzledIHeLUBVJ6COVLeT4eF+2P6aKVzwvgKQPndCBv3+yQ7pcWjqToYwaligxzSYNNmGoMAvw==
  dependencies:
    is-ssh "^1.3.0"
    normalize-url "^6.1.0"
    parse-path "^4.0.0"
    protocols "^1.4.0"

pino-std-serializers@^3.1.0:
  version "3.2.0"
  resolved "https://registry.yarnpkg.com/pino-std-serializers/-/pino-std-serializers-3.2.0.tgz#b56487c402d882eb96cd67c257868016b61ad671"
  integrity sha512-EqX4pwDPrt3MuOAAUBMU0Tk5kR/YcCM5fNPEzgCO2zJ5HfX0vbiH9HbJglnyeQsN96Kznae6MWD47pZB5avTrg==

pino@^6.13.0, pino@^6.6.1:
  version "6.13.3"
  resolved "https://registry.yarnpkg.com/pino/-/pino-6.13.3.tgz#60b93bcda1541f92fb37b3f2be0a25cf1d05b6fe"
  integrity sha512-tJy6qVgkh9MwNgqX1/oYi3ehfl2Y9H0uHyEEMsBe74KinESIjdMrMQDWpcZPpPicg3VV35d/GLQZmo4QgU2Xkg==
  dependencies:
    fast-redact "^3.0.0"
    fast-safe-stringify "^2.0.8"
    fastify-warning "^0.2.0"
    flatstr "^1.0.12"
    pino-std-serializers "^3.1.0"
    quick-format-unescaped "^4.0.3"
    sonic-boom "^1.0.2"

protocols@^1.1.0, protocols@^1.4.0:
  version "1.4.8"
  resolved "https://registry.yarnpkg.com/protocols/-/protocols-1.4.8.tgz#48eea2d8f58d9644a4a32caae5d5db290a075ce8"
  integrity sha512-IgjKyaUSjsROSO8/D49Ab7hP8mJgTYcqApOqdPhLoPxAplXmkp+zRvsrSQjFn5by0rhm4VH0GAUELIPpx7B1yg==

qs@^6.9.4:
  version "6.10.1"
  resolved "https://registry.yarnpkg.com/qs/-/qs-6.10.1.tgz#4931482fa8d647a5aab799c5271d2133b981fb6a"
  integrity sha512-M528Hph6wsSVOBiYUnGf+K/7w0hNshs/duGsNXPUCLH5XAqjEtiPGwNONLV0tBH8NoGb0mvD5JubnUTrujKDTg==
  dependencies:
    side-channel "^1.0.4"

query-string@^6.13.8:
  version "6.14.1"
  resolved "https://registry.yarnpkg.com/query-string/-/query-string-6.14.1.tgz#7ac2dca46da7f309449ba0f86b1fd28255b0c86a"
  integrity sha512-XDxAeVmpfu1/6IjyT/gXHOl+S0vQ9owggJ30hhWKdHAsNPOcasn5o9BW0eejZqL2e4vMjhAxoW3jVHcD6mbcYw==
  dependencies:
    decode-uri-component "^0.2.0"
    filter-obj "^1.1.0"
    split-on-first "^1.0.0"
    strict-uri-encode "^2.0.0"

quick-format-unescaped@^4.0.3:
  version "4.0.4"
  resolved "https://registry.yarnpkg.com/quick-format-unescaped/-/quick-format-unescaped-4.0.4.tgz#93ef6dd8d3453cbc7970dd614fad4c5954d6b5a7"
  integrity sha512-tYC1Q1hgyRuHgloV/YXs2w15unPVh8qfu/qCTfhTYamaw7fyhumKa2yGpdSo87vY32rIclj+4fWYQXUMs9EHvg==

regenerator-runtime@^0.13.4:
  version "0.13.9"
  resolved "https://registry.yarnpkg.com/regenerator-runtime/-/regenerator-runtime-0.13.9.tgz#8925742a98ffd90814988d7566ad30ca3b263b52"
  integrity sha512-p3VT+cOEgxFsRRA9X4lkI1E+k2/CtnKtU4gcxyaCUreilL/vqI6CdZ3wxVUx3UOUg+gnUOQQcRI7BmSI656MYA==

side-channel@^1.0.4:
  version "1.0.4"
  resolved "https://registry.yarnpkg.com/side-channel/-/side-channel-1.0.4.tgz#efce5c8fdc104ee751b25c58d4290011fa5ea2cf"
  integrity sha512-q5XPytqFEIKHkGdiMIrY10mvLRvnQh42/+GoBlFW3b2LXLE2xxJpZFdm94we0BaoV3RwJyGqg5wS7epxTv0Zvw==
  dependencies:
    call-bind "^1.0.0"
    get-intrinsic "^1.0.2"
    object-inspect "^1.9.0"

sonic-boom@^1.0.2:
  version "1.4.1"
  resolved "https://registry.yarnpkg.com/sonic-boom/-/sonic-boom-1.4.1.tgz#d35d6a74076624f12e6f917ade7b9d75e918f53e"
  integrity sha512-LRHh/A8tpW7ru89lrlkU4AszXt1dbwSjVWguGrmlxE7tawVmDBlI1PILMkXAxJTwqhgsEeTHzj36D5CmHgQmNg==
  dependencies:
    atomic-sleep "^1.0.0"
    flatstr "^1.0.12"

split-on-first@^1.0.0:
  version "1.1.0"
  resolved "https://registry.yarnpkg.com/split-on-first/-/split-on-first-1.1.0.tgz#f610afeee3b12bce1d0c30425e76398b78249a5f"
  integrity sha512-43ZssAJaMusuKWL8sKUBQXHWOpq8d6CfN/u1p4gUzfJkM05C8rxTmYrkIPTXapZpORA6LkkzcUulJ8FqA7Uudw==

strict-uri-encode@^2.0.0:
  version "2.0.0"
  resolved "https://registry.yarnpkg.com/strict-uri-encode/-/strict-uri-encode-2.0.0.tgz#b9c7330c7042862f6b142dc274bbcc5866ce3546"
  integrity sha1-ucczDHBChi9rFC3CdLvMWGbONUY=

tslib@^1.11.1:
  version "1.14.1"
  resolved "https://registry.yarnpkg.com/tslib/-/tslib-1.14.1.tgz#cf2d38bdc34a134bcaf1091c41f6619e2f672d00"
  integrity sha512-Xni35NKzjgMrwevysHTCArtLDpPvye8zV/0E4EyYn43P7/7qvQwPh9BGkHewbMulVntbigmcT7rdX3BNo9wRJg==

tslib@^2.3.0:
  version "2.3.1"
  resolved "https://registry.yarnpkg.com/tslib/-/tslib-2.3.1.tgz#e8a335add5ceae51aa261d32a490158ef042ef01"
  integrity sha512-77EbyPPpMz+FRFRuAFlWMtmgUWGe9UOG2Z25NqCwiIjRhOf5iKGuzSe5P2w1laq+FkRy4p+PCuVkJSGkzTEKVw==

turndown@^7.1.1:
  version "7.1.1"
  resolved "https://registry.yarnpkg.com/turndown/-/turndown-7.1.1.tgz#96992f2d9b40a1a03d3ea61ad31b5a5c751ef77f"
  integrity sha512-BEkXaWH7Wh7e9bd2QumhfAXk5g34+6QUmmWx+0q6ThaVOLuLUqsnkq35HQ5SBHSaxjSfSM7US5o4lhJNH7B9MA==
  dependencies:
    domino "^2.1.6"

uuid@^8.3.2:
  version "8.3.2"
  resolved "https://registry.yarnpkg.com/uuid/-/uuid-8.3.2.tgz#80d5b5ced271bb9af6c445f21a1a04c606cefbe2"
  integrity sha512-+NYs2QeMWy+GWFOEm9xnn6HCDp0l7QBD7ml8zLUmJ+93Q5NF0NocErnwkTkXVFNiX3/fpC6afS8Dhb/gz7R7eg==

verror@^1.10.0:
  version "1.10.1"
  resolved "https://registry.yarnpkg.com/verror/-/verror-1.10.1.tgz#4bf09eeccf4563b109ed4b3d458380c972b0cdeb"
  integrity sha512-veufcmxri4e3XSrT0xwfUR7kguIkaxBeosDg00yDWhk49wdwkSUrvvsm7nc75e1PUyvIeZj6nS8VQRYz2/S4Xg==
  dependencies:
    assert-plus "^1.0.0"
    core-util-is "1.0.2"
    extsprintf "^1.2.0"
