{
  "name": "metadata-service-schema-tools",
  "version": "1.0.0",
  "lockfileVersion": 3,
  "requires": true,
  "packages": {
    "": {
      "name": "metadata-service-schema-tools",
      "version": "1.0.0",
      "dependencies": {
        "@apidevtools/json-schema-ref-parser": "^11.0.0"
      }
    },
    "node_modules/@apidevtools/json-schema-ref-parser": {
      "version": "11.9.3",
      "resolved": "https://registry.npmjs.org/@apidevtools/json-schema-ref-parser/-/json-schema-ref-parser-11.9.3.tgz",
      "integrity": "sha512-60vepv88RwcJtSHrD6MjIL6Ta3SOYbgfnkHb+ppAVK+o9mXprRtulx7VlRl3lN3bbvysAfCS7WMVfhUYemB0IQ==",
      "license": "MIT",
      "dependencies": {
        "@jsdevtools/ono": "^7.1.3",
        "@types/json-schema": "^7.0.15",
        "js-yaml": "^4.1.0"
      },
      "engines": {
        "node": ">= 16"
      },
      "funding": {
        "url": "https://github.com/sponsors/philsturgeon"
      }
    },
    "node_modules/@jsdevtools/ono": {
      "version": "7.1.3",
      "resolved": "https://registry.npmjs.org/@jsdevtools/ono/-/ono-7.1.3.tgz",
      "integrity": "sha512-4JQNk+3mVzK3xh2rqd6RB4J46qUR19azEHBneZyTZM+c456qOrbbM/5xcR8huNCCcbVt7+UmizG6GuUvPvKUYg==",
      "license": "MIT"
    },
    "node_modules/@types/json-schema": {
      "version": "7.0.15",
      "resolved": "https://registry.npmjs.org/@types/json-schema/-/json-schema-7.0.15.tgz",
      "integrity": "sha512-5+fP8P8MFNC+AyZCDxrB2pkZFPGzqQWUzpSeuuVLvm8VMcorNYavBqoFcxK8bQz4Qsbn4oUEEem4wDLfcysGHA==",
      "license": "MIT"
    },
    "node_modules/argparse": {
      "version": "2.0.1",
      "resolved": "https://registry.npmjs.org/argparse/-/argparse-2.0.1.tgz",
      "integrity": "sha512-8+9WqebbFzpX9OR+Wa6O29asIogeRMzcGtAINdpMHHyAg10f05aSFVBbcEqGf/PXw1EjAZ+q2/bEBg3DvurK3Q==",
      "license": "Python-2.0"
    },
    "node_modules/js-yaml": {
      "version": "4.1.0",
      "resolved": "https://registry.npmjs.org/js-yaml/-/js-yaml-4.1.0.tgz",
      "integrity": "sha512-wpxZs9NoxZaJESJGIZTyDEaYpl0FKSA+FB9aJiyemKhMwkxQg63h4T1KJgUGHpTqPDNRcmmYLugrRjJlBtWvRA==",
      "license": "MIT",
      "dependencies": {
        "argparse": "^2.0.1"
      },
      "bin": {
        "js-yaml": "bin/js-yaml.js"
      }
    }
  }
}
